{
  "version": 4,
  "terraform_version": "1.10.5",
  "serial": 24,
  "lineage": "73c68efa-ccf7-7805-8915-bb134fce7830",
  "outputs": {
    "TRAFFIC_MANAGER_FQDN": {
      "value": "az2042025dev.trafficmanager.net",
      "type": "string"
    },
    "WEB_API_ENDPOINT_URL": {
      "value": "az204aspapinorth2025dev.azurewebsites.net",
      "type": "string"
    },
    "WEB_NORTH_ENDPOINT_URL": {
      "value": "az204aspwebnorth2025dev.azurewebsites.net",
      "type": "string"
    },
    "WEB_WEST_ENDPOINT_URL": {
      "value": "az204aspwebwest2025dev.azurewebsites.net",
      "type": "string"
    }
  },
  "resources": [
    {
      "mode": "managed",
      "type": "azurerm_monitor_autoscale_setting",
      "name": "amass",
      "provider": "provider[\"registry.terraform.io/hashicorp/azurerm\"]",
      "instances": [
        {
          "schema_version": 2,
          "attributes": {
            "enabled": true,
            "id": "/subscriptions/eaeb2398-aed1-43e9-a305-6abad2295400/resourceGroups/AZ204-RG-2025-DEV/providers/Microsoft.Insights/autoScaleSettings/AutoScaleForWebAPI",
            "location": "northeurope",
            "name": "AutoScaleForWebAPI",
            "notification": [],
            "predictive": [],
            "profile": [
              {
                "capacity": [
                  {
                    "default": 1,
                    "maximum": 4,
                    "minimum": 1
                  }
                ],
                "fixed_date": [],
                "name": "default",
                "recurrence": [],
                "rule": [
                  {
                    "metric_trigger": [
                      {
                        "dimensions": [],
                        "divide_by_instance_count": false,
                        "metric_name": "CpuPercentage",
                        "metric_namespace": "",
                        "metric_resource_id": "/subscriptions/eaeb2398-aed1-43e9-a305-6abad2295400/resourceGroups/AZ204-RG-2025-DEV/providers/Microsoft.Web/serverFarms/az204aspapinorth2025dev",
                        "operator": "GreaterThan",
                        "statistic": "Average",
                        "threshold": 70,
                        "time_aggregation": "Average",
                        "time_grain": "PT1M",
                        "time_window": "PT5M"
                      }
                    ],
                    "scale_action": [
                      {
                        "cooldown": "PT1M",
                        "direction": "Increase",
                        "type": "ChangeCount",
                        "value": 1
                      }
                    ]
                  },
                  {
                    "metric_trigger": [
                      {
                        "dimensions": [],
                        "divide_by_instance_count": false,
                        "metric_name": "CpuPercentage",
                        "metric_namespace": "",
                        "metric_resource_id": "/subscriptions/eaeb2398-aed1-43e9-a305-6abad2295400/resourceGroups/AZ204-RG-2025-DEV/providers/Microsoft.Web/serverFarms/az204aspapinorth2025dev",
                        "operator": "LessThan",
                        "statistic": "Average",
                        "threshold": 20,
                        "time_aggregation": "Average",
                        "time_grain": "PT1M",
                        "time_window": "PT5M"
                      }
                    ],
                    "scale_action": [
                      {
                        "cooldown": "PT5M",
                        "direction": "Decrease",
                        "type": "ChangeCount",
                        "value": 1
                      }
                    ]
                  }
                ]
              }
            ],
            "resource_group_name": "AZ204-RG-2025-DEV",
            "tags": {},
            "target_resource_id": "/subscriptions/eaeb2398-aed1-43e9-a305-6abad2295400/resourceGroups/AZ204-RG-2025-DEV/providers/Microsoft.Web/serverFarms/az204aspapinorth2025dev",
            "timeouts": null
          },
          "sensitive_attributes": [],
          "private": "eyJlMmJmYjczMC1lY2FhLTExZTYtOGY4OC0zNDM2M2JjN2M0YzAiOnsiY3JlYXRlIjoxODAwMDAwMDAwMDAwLCJkZWxldGUiOjE4MDAwMDAwMDAwMDAsInJlYWQiOjMwMDAwMDAwMDAwMCwidXBkYXRlIjoxODAwMDAwMDAwMDAwfSwic2NoZW1hX3ZlcnNpb24iOiIyIn0=",
          "dependencies": [
            "module.ASP.azurerm_service_plan.asp",
            "module.RG.azurerm_resource_group.rg"
          ]
        }
      ]
    },
    {
      "module": "module.ASP[\"aspapinorth\"]",
      "mode": "managed",
      "type": "azurerm_service_plan",
      "name": "asp",
      "provider": "provider[\"registry.terraform.io/hashicorp/azurerm\"]",
      "instances": [
        {
          "schema_version": 1,
          "attributes": {
            "app_service_environment_id": "",
            "id": "/subscriptions/eaeb2398-aed1-43e9-a305-6abad2295400/resourceGroups/AZ204-RG-2025-DEV/providers/Microsoft.Web/serverFarms/az204aspapinorth2025dev",
            "kind": "app",
            "location": "northeurope",
            "maximum_elastic_worker_count": 1,
            "name": "az204aspapinorth2025dev",
            "os_type": "Windows",
            "per_site_scaling_enabled": false,
            "premium_plan_auto_scale_enabled": false,
            "reserved": false,
            "resource_group_name": "AZ204-RG-2025-DEV",
            "sku_name": "S1",
            "tags": {},
            "timeouts": null,
            "worker_count": 1,
            "zone_balancing_enabled": false
          },
          "sensitive_attributes": [],
          "private": "eyJlMmJmYjczMC1lY2FhLTExZTYtOGY4OC0zNDM2M2JjN2M0YzAiOnsiY3JlYXRlIjozNjAwMDAwMDAwMDAwLCJkZWxldGUiOjM2MDAwMDAwMDAwMDAsInJlYWQiOjMwMDAwMDAwMDAwMCwidXBkYXRlIjozNjAwMDAwMDAwMDAwfSwic2NoZW1hX3ZlcnNpb24iOiIxIn0=",
          "dependencies": [
            "module.RG.azurerm_resource_group.rg"
          ]
        }
      ]
    },
    {
      "module": "module.ASP[\"aspwebnorth\"]",
      "mode": "managed",
      "type": "azurerm_service_plan",
      "name": "asp",
      "provider": "provider[\"registry.terraform.io/hashicorp/azurerm\"]",
      "instances": [
        {
          "schema_version": 1,
          "attributes": {
            "app_service_environment_id": "",
            "id": "/subscriptions/eaeb2398-aed1-43e9-a305-6abad2295400/resourceGroups/AZ204-RG-2025-DEV/providers/Microsoft.Web/serverFarms/az204aspwebnorth2025dev",
            "kind": "app",
            "location": "northeurope",
            "maximum_elastic_worker_count": 1,
            "name": "az204aspwebnorth2025dev",
            "os_type": "Windows",
            "per_site_scaling_enabled": false,
            "premium_plan_auto_scale_enabled": false,
            "reserved": false,
            "resource_group_name": "AZ204-RG-2025-DEV",
            "sku_name": "S1",
            "tags": {},
            "timeouts": null,
            "worker_count": 1,
            "zone_balancing_enabled": false
          },
          "sensitive_attributes": [],
          "private": "eyJlMmJmYjczMC1lY2FhLTExZTYtOGY4OC0zNDM2M2JjN2M0YzAiOnsiY3JlYXRlIjozNjAwMDAwMDAwMDAwLCJkZWxldGUiOjM2MDAwMDAwMDAwMDAsInJlYWQiOjMwMDAwMDAwMDAwMCwidXBkYXRlIjozNjAwMDAwMDAwMDAwfSwic2NoZW1hX3ZlcnNpb24iOiIxIn0=",
          "dependencies": [
            "module.RG.azurerm_resource_group.rg"
          ]
        }
      ]
    },
    {
      "module": "module.ASP[\"aspwebwest\"]",
      "mode": "managed",
      "type": "azurerm_service_plan",
      "name": "asp",
      "provider": "provider[\"registry.terraform.io/hashicorp/azurerm\"]",
      "instances": [
        {
          "schema_version": 1,
          "attributes": {
            "app_service_environment_id": "",
            "id": "/subscriptions/eaeb2398-aed1-43e9-a305-6abad2295400/resourceGroups/AZ204-RG-2025-DEV/providers/Microsoft.Web/serverFarms/az204aspwebwest2025dev",
            "kind": "app",
            "location": "westeurope",
            "maximum_elastic_worker_count": 1,
            "name": "az204aspwebwest2025dev",
            "os_type": "Windows",
            "per_site_scaling_enabled": false,
            "premium_plan_auto_scale_enabled": false,
            "reserved": false,
            "resource_group_name": "AZ204-RG-2025-DEV",
            "sku_name": "S1",
            "tags": {},
            "timeouts": null,
            "worker_count": 1,
            "zone_balancing_enabled": false
          },
          "sensitive_attributes": [],
          "private": "eyJlMmJmYjczMC1lY2FhLTExZTYtOGY4OC0zNDM2M2JjN2M0YzAiOnsiY3JlYXRlIjozNjAwMDAwMDAwMDAwLCJkZWxldGUiOjM2MDAwMDAwMDAwMDAsInJlYWQiOjMwMDAwMDAwMDAwMCwidXBkYXRlIjozNjAwMDAwMDAwMDAwfSwic2NoZW1hX3ZlcnNpb24iOiIxIn0=",
          "dependencies": [
            "module.RG.azurerm_resource_group.rg"
          ]
        }
      ]
    },
    {
      "module": "module.AWAPPSLOT[\"staging\"]",
      "mode": "managed",
      "type": "azurerm_windows_web_app_slot",
      "name": "awappslot",
      "provider": "provider[\"registry.terraform.io/hashicorp/azurerm\"]",
      "instances": [
        {
          "schema_version": 1,
          "attributes": {
            "app_service_id": "/subscriptions/eaeb2398-aed1-43e9-a305-6abad2295400/resourceGroups/AZ204-RG-2025-DEV/providers/Microsoft.Web/sites/az204aspwebnorth2025dev",
            "app_settings": {},
            "auth_settings": [],
            "auth_settings_v2": [],
            "backup": [],
            "client_affinity_enabled": false,
            "client_certificate_enabled": false,
            "client_certificate_exclusion_paths": "",
            "client_certificate_mode": "Required",
            "connection_string": [],
            "custom_domain_verification_id": "2FFD96ADA034C0AE152B5D7951D1254346E27C012C4F02F46940CCF3AA592F0B",
            "default_hostname": "az204aspwebnorth2025dev-staging.azurewebsites.net",
            "enabled": true,
            "ftp_publish_basic_authentication_enabled": true,
            "hosting_environment_id": "",
            "https_only": false,
            "id": "/subscriptions/eaeb2398-aed1-43e9-a305-6abad2295400/resourceGroups/AZ204-RG-2025-DEV/providers/Microsoft.Web/sites/az204aspwebnorth2025dev/slots/staging",
            "identity": [],
            "key_vault_reference_identity_id": "SystemAssigned",
            "kind": "app",
            "logs": [],
            "name": "staging",
            "outbound_ip_address_list": [
              "23.102.18.78",
              "23.102.19.80",
              "23.102.17.117",
              "23.102.19.146",
              "23.102.21.212"
            ],
            "outbound_ip_addresses": "23.102.18.78,23.102.19.80,23.102.17.117,23.102.19.146,23.102.21.212",
            "possible_outbound_ip_address_list": [
              "23.102.18.78",
              "23.102.19.80",
              "23.102.17.117",
              "23.102.19.146",
              "135.236.192.153",
              "23.102.15.154",
              "13.69.148.165",
              "65.52.69.244",
              "13.69.148.68",
              "13.69.148.167",
              "20.123.110.125",
              "20.123.110.140",
              "20.123.110.157",
              "20.123.111.29",
              "20.123.111.193",
              "20.123.105.186",
              "4.231.132.240",
              "4.231.132.255",
              "4.231.133.33",
              "4.231.133.58",
              "4.231.133.98",
              "4.231.133.171",
              "23.102.21.212"
            ],
            "possible_outbound_ip_addresses": "23.102.18.78,23.102.19.80,23.102.17.117,23.102.19.146,135.236.192.153,23.102.15.154,13.69.148.165,65.52.69.244,13.69.148.68,13.69.148.167,20.123.110.125,20.123.110.140,20.123.110.157,20.123.111.29,20.123.111.193,20.123.105.186,4.231.132.240,4.231.132.255,4.231.133.33,4.231.133.58,4.231.133.98,4.231.133.171,23.102.21.212",
            "public_network_access_enabled": true,
            "service_plan_id": "",
            "site_config": [
              {
                "always_on": true,
                "api_definition_url": "",
                "api_management_api_id": "",
                "app_command_line": "",
                "application_stack": [
                  {
                    "current_stack": "",
                    "docker_image_name": "",
                    "docker_registry_password": "",
                    "docker_registry_url": "",
                    "docker_registry_username": "",
                    "dotnet_core_version": "",
                    "dotnet_version": "v9.0",
                    "java_container": "",
                    "java_container_version": "",
                    "java_embedded_server_enabled": false,
                    "java_version": "",
                    "node_version": "",
                    "php_version": "5.6",
                    "python": false,
                    "tomcat_version": ""
                  }
                ],
                "auto_heal_setting": [],
                "auto_swap_slot_name": "",
                "container_registry_managed_identity_client_id": "",
                "container_registry_use_managed_identity": false,
                "cors": [],
                "default_documents": [
                  "Default.htm",
                  "Default.html",
                  "Default.asp",
                  "index.htm",
                  "index.html",
                  "iisstart.htm",
                  "default.aspx",
                  "index.php",
                  "hostingstart.html"
                ],
                "detailed_error_logging_enabled": false,
                "ftps_state": "Disabled",
                "handler_mapping": [],
                "health_check_eviction_time_in_min": 0,
                "health_check_path": "",
                "http2_enabled": false,
                "ip_restriction": [],
                "ip_restriction_default_action": "Allow",
                "load_balancing_mode": "LeastRequests",
                "local_mysql_enabled": false,
                "managed_pipeline_mode": "Integrated",
                "minimum_tls_version": "1.2",
                "remote_debugging_enabled": false,
                "remote_debugging_version": "VS2022",
                "scm_ip_restriction": [],
                "scm_ip_restriction_default_action": "Allow",
                "scm_minimum_tls_version": "1.2",
                "scm_type": "None",
                "scm_use_main_ip_restriction": false,
                "use_32_bit_worker": false,
                "virtual_application": [],
                "vnet_route_all_enabled": false,
                "websockets_enabled": false,
                "windows_fx_version": "",
                "worker_count": 1
              }
            ],
            "site_credential": [
              {
                "name": "$az204aspwebnorth2025dev__staging",
                "password": "dSX31Cqv16iAuaLHlj7xp5ninmasPvhsYrFXKocdNDbYP4uy4eTM6kJECuSv"
              }
            ],
            "storage_account": [],
            "tags": {},
            "timeouts": null,
            "virtual_network_backup_restore_enabled": false,
            "virtual_network_subnet_id": "",
            "webdeploy_publish_basic_authentication_enabled": true,
            "zip_deploy_file": ""
          },
          "sensitive_attributes": [
            [
              {
                "type": "get_attr",
                "value": "custom_domain_verification_id"
              }
            ],
            [
              {
                "type": "get_attr",
                "value": "site_config"
              },
              {
                "type": "index",
                "value": {
                  "value": 0,
                  "type": "number"
                }
              },
              {
                "type": "get_attr",
                "value": "application_stack"
              },
              {
                "type": "index",
                "value": {
                  "value": 0,
                  "type": "number"
                }
              },
              {
                "type": "get_attr",
                "value": "docker_registry_password"
              }
            ],
            [
              {
                "type": "get_attr",
                "value": "site_credential"
              }
            ]
          ],
          "private": "eyJlMmJmYjczMC1lY2FhLTExZTYtOGY4OC0zNDM2M2JjN2M0YzAiOnsiY3JlYXRlIjoxODAwMDAwMDAwMDAwLCJkZWxldGUiOjE4MDAwMDAwMDAwMDAsInJlYWQiOjMwMDAwMDAwMDAwMCwidXBkYXRlIjoxODAwMDAwMDAwMDAwfSwic2NoZW1hX3ZlcnNpb24iOiIxIn0=",
          "dependencies": [
            "module.ASP.azurerm_service_plan.asp",
            "module.AWAPP.azurerm_windows_web_app.awapp",
            "module.RG.azurerm_resource_group.rg"
          ]
        }
      ]
    },
    {
      "module": "module.AWAPP[\"aspapinorth\"]",
      "mode": "managed",
      "type": "azurerm_windows_web_app",
      "name": "awapp",
      "provider": "provider[\"registry.terraform.io/hashicorp/azurerm\"]",
      "instances": [
        {
          "schema_version": 1,
          "attributes": {
            "app_settings": {},
            "auth_settings": [],
            "auth_settings_v2": [],
            "backup": [],
            "client_affinity_enabled": false,
            "client_certificate_enabled": false,
            "client_certificate_exclusion_paths": "",
            "client_certificate_mode": "Required",
            "connection_string": [],
            "custom_domain_verification_id": "2FFD96ADA034C0AE152B5D7951D1254346E27C012C4F02F46940CCF3AA592F0B",
            "default_hostname": "az204aspapinorth2025dev.azurewebsites.net",
            "enabled": true,
            "ftp_publish_basic_authentication_enabled": true,
            "hosting_environment_id": "",
            "https_only": false,
            "id": "/subscriptions/eaeb2398-aed1-43e9-a305-6abad2295400/resourceGroups/AZ204-RG-2025-DEV/providers/Microsoft.Web/sites/az204aspapinorth2025dev",
            "identity": [],
            "key_vault_reference_identity_id": "SystemAssigned",
            "kind": "app",
            "location": "northeurope",
            "logs": [],
            "name": "az204aspapinorth2025dev",
            "outbound_ip_address_list": [
              "23.102.18.78",
              "23.102.19.80",
              "23.102.17.117",
              "23.102.19.146",
              "23.102.21.212"
            ],
            "outbound_ip_addresses": "23.102.18.78,23.102.19.80,23.102.17.117,23.102.19.146,23.102.21.212",
            "possible_outbound_ip_address_list": [
              "23.102.18.78",
              "23.102.19.80",
              "23.102.17.117",
              "23.102.19.146",
              "135.236.192.153",
              "23.102.15.154",
              "13.69.148.165",
              "65.52.69.244",
              "13.69.148.68",
              "13.69.148.167",
              "20.123.110.125",
              "20.123.110.140",
              "20.123.110.157",
              "20.123.111.29",
              "20.123.111.193",
              "20.123.105.186",
              "4.231.132.240",
              "4.231.132.255",
              "4.231.133.33",
              "4.231.133.58",
              "4.231.133.98",
              "4.231.133.171",
              "23.102.21.212"
            ],
            "possible_outbound_ip_addresses": "23.102.18.78,23.102.19.80,23.102.17.117,23.102.19.146,135.236.192.153,23.102.15.154,13.69.148.165,65.52.69.244,13.69.148.68,13.69.148.167,20.123.110.125,20.123.110.140,20.123.110.157,20.123.111.29,20.123.111.193,20.123.105.186,4.231.132.240,4.231.132.255,4.231.133.33,4.231.133.58,4.231.133.98,4.231.133.171,23.102.21.212",
            "public_network_access_enabled": true,
            "resource_group_name": "AZ204-RG-2025-DEV",
            "service_plan_id": "/subscriptions/eaeb2398-aed1-43e9-a305-6abad2295400/resourceGroups/AZ204-RG-2025-DEV/providers/Microsoft.Web/serverFarms/az204aspapinorth2025dev",
            "site_config": [
              {
                "always_on": true,
                "api_definition_url": "",
                "api_management_api_id": "",
                "app_command_line": "",
                "application_stack": [
                  {
                    "current_stack": "",
                    "docker_image_name": "",
                    "docker_registry_password": "",
                    "docker_registry_url": "",
                    "docker_registry_username": "",
                    "dotnet_core_version": "",
                    "dotnet_version": "v9.0",
                    "java_container": "",
                    "java_container_version": "",
                    "java_embedded_server_enabled": false,
                    "java_version": "",
                    "node_version": "",
                    "php_version": "5.6",
                    "python": false,
                    "tomcat_version": ""
                  }
                ],
                "auto_heal_setting": [],
                "container_registry_managed_identity_client_id": "",
                "container_registry_use_managed_identity": false,
                "cors": [],
                "default_documents": [
                  "Default.htm",
                  "Default.html",
                  "Default.asp",
                  "index.htm",
                  "index.html",
                  "iisstart.htm",
                  "default.aspx",
                  "index.php",
                  "hostingstart.html"
                ],
                "detailed_error_logging_enabled": false,
                "ftps_state": "Disabled",
                "handler_mapping": [],
                "health_check_eviction_time_in_min": 0,
                "health_check_path": "",
                "http2_enabled": false,
                "ip_restriction": [],
                "ip_restriction_default_action": "Allow",
                "linux_fx_version": "",
                "load_balancing_mode": "LeastRequests",
                "local_mysql_enabled": false,
                "managed_pipeline_mode": "Integrated",
                "minimum_tls_version": "1.2",
                "remote_debugging_enabled": false,
                "remote_debugging_version": "VS2022",
                "scm_ip_restriction": [],
                "scm_ip_restriction_default_action": "Allow",
                "scm_minimum_tls_version": "1.2",
                "scm_type": "None",
                "scm_use_main_ip_restriction": false,
                "use_32_bit_worker": true,
                "virtual_application": [],
                "vnet_route_all_enabled": false,
                "websockets_enabled": false,
                "windows_fx_version": "",
                "worker_count": 1
              }
            ],
            "site_credential": [
              {
                "name": "$az204aspapinorth2025dev",
                "password": "tsjBpKxwTJbfKCE2ckA4ya2dlvt1qmgw9AJ0HMANjm0gnvq9L9fWtaNpdJe9"
              }
            ],
            "sticky_settings": [],
            "storage_account": [],
            "tags": {},
            "timeouts": null,
            "virtual_network_backup_restore_enabled": false,
            "virtual_network_subnet_id": "",
            "webdeploy_publish_basic_authentication_enabled": true,
            "zip_deploy_file": ""
          },
          "sensitive_attributes": [
            [
              {
                "type": "get_attr",
                "value": "custom_domain_verification_id"
              }
            ],
            [
              {
                "type": "get_attr",
                "value": "site_config"
              },
              {
                "type": "index",
                "value": {
                  "value": 0,
                  "type": "number"
                }
              },
              {
                "type": "get_attr",
                "value": "application_stack"
              },
              {
                "type": "index",
                "value": {
                  "value": 0,
                  "type": "number"
                }
              },
              {
                "type": "get_attr",
                "value": "docker_registry_password"
              }
            ],
            [
              {
                "type": "get_attr",
                "value": "site_credential"
              }
            ]
          ],
          "private": "eyJlMmJmYjczMC1lY2FhLTExZTYtOGY4OC0zNDM2M2JjN2M0YzAiOnsiY3JlYXRlIjoxODAwMDAwMDAwMDAwLCJkZWxldGUiOjE4MDAwMDAwMDAwMDAsInJlYWQiOjMwMDAwMDAwMDAwMCwidXBkYXRlIjoxODAwMDAwMDAwMDAwfSwic2NoZW1hX3ZlcnNpb24iOiIxIn0=",
          "dependencies": [
            "module.ASP.azurerm_service_plan.asp",
            "module.RG.azurerm_resource_group.rg"
          ]
        }
      ]
    },
    {
      "module": "module.AWAPP[\"aspwebnorth\"]",
      "mode": "managed",
      "type": "azurerm_windows_web_app",
      "name": "awapp",
      "provider": "provider[\"registry.terraform.io/hashicorp/azurerm\"]",
      "instances": [
        {
          "schema_version": 1,
          "attributes": {
            "app_settings": {},
            "auth_settings": [],
            "auth_settings_v2": [],
            "backup": [],
            "client_affinity_enabled": false,
            "client_certificate_enabled": false,
            "client_certificate_exclusion_paths": "",
            "client_certificate_mode": "Required",
            "connection_string": [],
            "custom_domain_verification_id": "2FFD96ADA034C0AE152B5D7951D1254346E27C012C4F02F46940CCF3AA592F0B",
            "default_hostname": "az204aspwebnorth2025dev.azurewebsites.net",
            "enabled": true,
            "ftp_publish_basic_authentication_enabled": true,
            "hosting_environment_id": "",
            "https_only": false,
            "id": "/subscriptions/eaeb2398-aed1-43e9-a305-6abad2295400/resourceGroups/AZ204-RG-2025-DEV/providers/Microsoft.Web/sites/az204aspwebnorth2025dev",
            "identity": [],
            "key_vault_reference_identity_id": "SystemAssigned",
            "kind": "app",
            "location": "northeurope",
            "logs": [],
            "name": "az204aspwebnorth2025dev",
            "outbound_ip_address_list": [
              "23.102.18.78",
              "23.102.19.80",
              "23.102.17.117",
              "23.102.19.146",
              "23.102.21.212"
            ],
            "outbound_ip_addresses": "23.102.18.78,23.102.19.80,23.102.17.117,23.102.19.146,23.102.21.212",
            "possible_outbound_ip_address_list": [
              "23.102.18.78",
              "23.102.19.80",
              "23.102.17.117",
              "23.102.19.146",
              "135.236.192.153",
              "23.102.15.154",
              "13.69.148.165",
              "65.52.69.244",
              "13.69.148.68",
              "13.69.148.167",
              "20.123.110.125",
              "20.123.110.140",
              "20.123.110.157",
              "20.123.111.29",
              "20.123.111.193",
              "20.123.105.186",
              "4.231.132.240",
              "4.231.132.255",
              "4.231.133.33",
              "4.231.133.58",
              "4.231.133.98",
              "4.231.133.171",
              "23.102.21.212"
            ],
            "possible_outbound_ip_addresses": "23.102.18.78,23.102.19.80,23.102.17.117,23.102.19.146,135.236.192.153,23.102.15.154,13.69.148.165,65.52.69.244,13.69.148.68,13.69.148.167,20.123.110.125,20.123.110.140,20.123.110.157,20.123.111.29,20.123.111.193,20.123.105.186,4.231.132.240,4.231.132.255,4.231.133.33,4.231.133.58,4.231.133.98,4.231.133.171,23.102.21.212",
            "public_network_access_enabled": true,
            "resource_group_name": "AZ204-RG-2025-DEV",
            "service_plan_id": "/subscriptions/eaeb2398-aed1-43e9-a305-6abad2295400/resourceGroups/AZ204-RG-2025-DEV/providers/Microsoft.Web/serverFarms/az204aspwebnorth2025dev",
            "site_config": [
              {
                "always_on": true,
                "api_definition_url": "",
                "api_management_api_id": "",
                "app_command_line": "",
                "application_stack": [
                  {
                    "current_stack": "",
                    "docker_image_name": "",
                    "docker_registry_password": "",
                    "docker_registry_url": "",
                    "docker_registry_username": "",
                    "dotnet_core_version": "",
                    "dotnet_version": "v9.0",
                    "java_container": "",
                    "java_container_version": "",
                    "java_embedded_server_enabled": false,
                    "java_version": "",
                    "node_version": "",
                    "php_version": "5.6",
                    "python": false,
                    "tomcat_version": ""
                  }
                ],
                "auto_heal_setting": [],
                "container_registry_managed_identity_client_id": "",
                "container_registry_use_managed_identity": false,
                "cors": [],
                "default_documents": [
                  "Default.htm",
                  "Default.html",
                  "Default.asp",
                  "index.htm",
                  "index.html",
                  "iisstart.htm",
                  "default.aspx",
                  "index.php",
                  "hostingstart.html"
                ],
                "detailed_error_logging_enabled": false,
                "ftps_state": "Disabled",
                "handler_mapping": [],
                "health_check_eviction_time_in_min": 0,
                "health_check_path": "",
                "http2_enabled": false,
                "ip_restriction": [],
                "ip_restriction_default_action": "Allow",
                "linux_fx_version": "",
                "load_balancing_mode": "LeastRequests",
                "local_mysql_enabled": false,
                "managed_pipeline_mode": "Integrated",
                "minimum_tls_version": "1.2",
                "remote_debugging_enabled": false,
                "remote_debugging_version": "VS2022",
                "scm_ip_restriction": [],
                "scm_ip_restriction_default_action": "Allow",
                "scm_minimum_tls_version": "1.2",
                "scm_type": "None",
                "scm_use_main_ip_restriction": false,
                "use_32_bit_worker": true,
                "virtual_application": [],
                "vnet_route_all_enabled": false,
                "websockets_enabled": false,
                "windows_fx_version": "",
                "worker_count": 1
              }
            ],
            "site_credential": [
              {
                "name": "$az204aspwebnorth2025dev",
                "password": "hSHgCoK48dpHdeNJ3aFABxukd9yabeHLd9gQayBdfgTcx6LGs2EYps9KKJdg"
              }
            ],
            "sticky_settings": [],
            "storage_account": [],
            "tags": {},
            "timeouts": null,
            "virtual_network_backup_restore_enabled": false,
            "virtual_network_subnet_id": "",
            "webdeploy_publish_basic_authentication_enabled": true,
            "zip_deploy_file": ""
          },
          "sensitive_attributes": [
            [
              {
                "type": "get_attr",
                "value": "site_config"
              },
              {
                "type": "index",
                "value": {
                  "value": 0,
                  "type": "number"
                }
              },
              {
                "type": "get_attr",
                "value": "application_stack"
              },
              {
                "type": "index",
                "value": {
                  "value": 0,
                  "type": "number"
                }
              },
              {
                "type": "get_attr",
                "value": "docker_registry_password"
              }
            ],
            [
              {
                "type": "get_attr",
                "value": "site_credential"
              }
            ],
            [
              {
                "type": "get_attr",
                "value": "custom_domain_verification_id"
              }
            ]
          ],
          "private": "eyJlMmJmYjczMC1lY2FhLTExZTYtOGY4OC0zNDM2M2JjN2M0YzAiOnsiY3JlYXRlIjoxODAwMDAwMDAwMDAwLCJkZWxldGUiOjE4MDAwMDAwMDAwMDAsInJlYWQiOjMwMDAwMDAwMDAwMCwidXBkYXRlIjoxODAwMDAwMDAwMDAwfSwic2NoZW1hX3ZlcnNpb24iOiIxIn0=",
          "dependencies": [
            "module.ASP.azurerm_service_plan.asp",
            "module.RG.azurerm_resource_group.rg"
          ]
        }
      ]
    },
    {
      "module": "module.AWAPP[\"aspwebwest\"]",
      "mode": "managed",
      "type": "azurerm_windows_web_app",
      "name": "awapp",
      "provider": "provider[\"registry.terraform.io/hashicorp/azurerm\"]",
      "instances": [
        {
          "schema_version": 1,
          "attributes": {
            "app_settings": {},
            "auth_settings": [],
            "auth_settings_v2": [],
            "backup": [],
            "client_affinity_enabled": false,
            "client_certificate_enabled": false,
            "client_certificate_exclusion_paths": "",
            "client_certificate_mode": "Required",
            "connection_string": [],
            "custom_domain_verification_id": "2FFD96ADA034C0AE152B5D7951D1254346E27C012C4F02F46940CCF3AA592F0B",
            "default_hostname": "az204aspwebwest2025dev.azurewebsites.net",
            "enabled": true,
            "ftp_publish_basic_authentication_enabled": true,
            "hosting_environment_id": "",
            "https_only": false,
            "id": "/subscriptions/eaeb2398-aed1-43e9-a305-6abad2295400/resourceGroups/AZ204-RG-2025-DEV/providers/Microsoft.Web/sites/az204aspwebwest2025dev",
            "identity": [],
            "key_vault_reference_identity_id": "SystemAssigned",
            "kind": "app",
            "location": "westeurope",
            "logs": [],
            "name": "az204aspwebwest2025dev",
            "outbound_ip_address_list": [
              "23.97.163.248",
              "23.97.164.1",
              "23.97.164.29",
              "23.97.162.60",
              "23.97.160.74"
            ],
            "outbound_ip_addresses": "23.97.163.248,23.97.164.1,23.97.164.29,23.97.162.60,23.97.160.74",
            "possible_outbound_ip_address_list": [
              "23.97.163.248",
              "23.97.164.1",
              "23.97.164.29",
              "23.97.162.60",
              "108.142.24.144",
              "23.97.133.160",
              "51.144.35.130",
              "104.46.62.101",
              "104.46.59.29",
              "51.144.39.59",
              "51.124.137.178",
              "52.143.7.182",
              "52.143.7.191",
              "52.143.7.218",
              "52.143.7.226",
              "20.50.248.2",
              "108.141.24.216",
              "108.141.24.12",
              "108.141.24.13",
              "108.141.24.39",
              "108.141.24.146",
              "108.141.24.238",
              "23.97.160.74"
            ],
            "possible_outbound_ip_addresses": "23.97.163.248,23.97.164.1,23.97.164.29,23.97.162.60,108.142.24.144,23.97.133.160,51.144.35.130,104.46.62.101,104.46.59.29,51.144.39.59,51.124.137.178,52.143.7.182,52.143.7.191,52.143.7.218,52.143.7.226,20.50.248.2,108.141.24.216,108.141.24.12,108.141.24.13,108.141.24.39,108.141.24.146,108.141.24.238,23.97.160.74",
            "public_network_access_enabled": true,
            "resource_group_name": "AZ204-RG-2025-DEV",
            "service_plan_id": "/subscriptions/eaeb2398-aed1-43e9-a305-6abad2295400/resourceGroups/AZ204-RG-2025-DEV/providers/Microsoft.Web/serverFarms/az204aspwebwest2025dev",
            "site_config": [
              {
                "always_on": true,
                "api_definition_url": "",
                "api_management_api_id": "",
                "app_command_line": "",
                "application_stack": [
                  {
                    "current_stack": "",
                    "docker_image_name": "",
                    "docker_registry_password": "",
                    "docker_registry_url": "",
                    "docker_registry_username": "",
                    "dotnet_core_version": "",
                    "dotnet_version": "v9.0",
                    "java_container": "",
                    "java_container_version": "",
                    "java_embedded_server_enabled": false,
                    "java_version": "",
                    "node_version": "",
                    "php_version": "5.6",
                    "python": false,
                    "tomcat_version": ""
                  }
                ],
                "auto_heal_setting": [],
                "container_registry_managed_identity_client_id": "",
                "container_registry_use_managed_identity": false,
                "cors": [],
                "default_documents": [
                  "Default.htm",
                  "Default.html",
                  "Default.asp",
                  "index.htm",
                  "index.html",
                  "iisstart.htm",
                  "default.aspx",
                  "index.php",
                  "hostingstart.html"
                ],
                "detailed_error_logging_enabled": false,
                "ftps_state": "Disabled",
                "handler_mapping": [],
                "health_check_eviction_time_in_min": 0,
                "health_check_path": "",
                "http2_enabled": false,
                "ip_restriction": [],
                "ip_restriction_default_action": "Allow",
                "linux_fx_version": "",
                "load_balancing_mode": "LeastRequests",
                "local_mysql_enabled": false,
                "managed_pipeline_mode": "Integrated",
                "minimum_tls_version": "1.2",
                "remote_debugging_enabled": false,
                "remote_debugging_version": "VS2022",
                "scm_ip_restriction": [],
                "scm_ip_restriction_default_action": "Allow",
                "scm_minimum_tls_version": "1.2",
                "scm_type": "None",
                "scm_use_main_ip_restriction": false,
                "use_32_bit_worker": true,
                "virtual_application": [],
                "vnet_route_all_enabled": false,
                "websockets_enabled": false,
                "windows_fx_version": "",
                "worker_count": 1
              }
            ],
            "site_credential": [
              {
                "name": "$az204aspwebwest2025dev",
                "password": "oJfv8dJqJsvoJTG9LfM0y5G1lhy6lX9JpuRepz5cfF5xdgFkvjmiijdfa0C5"
              }
            ],
            "sticky_settings": [],
            "storage_account": [],
            "tags": {},
            "timeouts": null,
            "virtual_network_backup_restore_enabled": false,
            "virtual_network_subnet_id": "",
            "webdeploy_publish_basic_authentication_enabled": true,
            "zip_deploy_file": ""
          },
          "sensitive_attributes": [
            [
              {
                "type": "get_attr",
                "value": "custom_domain_verification_id"
              }
            ],
            [
              {
                "type": "get_attr",
                "value": "site_credential"
              }
            ],
            [
              {
                "type": "get_attr",
                "value": "site_config"
              },
              {
                "type": "index",
                "value": {
                  "value": 0,
                  "type": "number"
                }
              },
              {
                "type": "get_attr",
                "value": "application_stack"
              },
              {
                "type": "index",
                "value": {
                  "value": 0,
                  "type": "number"
                }
              },
              {
                "type": "get_attr",
                "value": "docker_registry_password"
              }
            ]
          ],
          "private": "eyJlMmJmYjczMC1lY2FhLTExZTYtOGY4OC0zNDM2M2JjN2M0YzAiOnsiY3JlYXRlIjoxODAwMDAwMDAwMDAwLCJkZWxldGUiOjE4MDAwMDAwMDAwMDAsInJlYWQiOjMwMDAwMDAwMDAwMCwidXBkYXRlIjoxODAwMDAwMDAwMDAwfSwic2NoZW1hX3ZlcnNpb24iOiIxIn0=",
          "dependencies": [
            "module.ASP.azurerm_service_plan.asp",
            "module.RG.azurerm_resource_group.rg"
          ]
        }
      ]
    },
    {
      "module": "module.RG",
      "mode": "managed",
      "type": "azurerm_resource_group",
      "name": "rg",
      "provider": "provider[\"registry.terraform.io/hashicorp/azurerm\"]",
      "instances": [
        {
          "schema_version": 0,
          "attributes": {
            "id": "/subscriptions/eaeb2398-aed1-43e9-a305-6abad2295400/resourceGroups/AZ204-RG-2025-DEV",
            "location": "northeurope",
            "managed_by": "",
            "name": "AZ204-RG-2025-DEV",
            "tags": {},
            "timeouts": null
          },
          "sensitive_attributes": [],
          "private": "eyJlMmJmYjczMC1lY2FhLTExZTYtOGY4OC0zNDM2M2JjN2M0YzAiOnsiY3JlYXRlIjo1NDAwMDAwMDAwMDAwLCJkZWxldGUiOjU0MDAwMDAwMDAwMDAsInJlYWQiOjMwMDAwMDAwMDAwMCwidXBkYXRlIjo1NDAwMDAwMDAwMDAwfX0="
        }
      ]
    },
    {
      "module": "module.TRAF",
      "mode": "managed",
      "type": "azurerm_traffic_manager_profile",
      "name": "traf",
      "provider": "provider[\"registry.terraform.io/hashicorp/azurerm\"]",
      "instances": [
        {
          "schema_version": 0,
          "attributes": {
            "dns_config": [
              {
                "relative_name": "az2042025dev",
                "ttl": 100
              }
            ],
            "fqdn": "az2042025dev.trafficmanager.net",
            "id": "/subscriptions/eaeb2398-aed1-43e9-a305-6abad2295400/resourceGroups/AZ204-RG-2025-DEV/providers/Microsoft.Network/trafficManagerProfiles/AZ204-2025-DEV",
            "max_return": 0,
            "monitor_config": [
              {
                "custom_header": [],
                "expected_status_code_ranges": [],
                "interval_in_seconds": 30,
                "path": "/",
                "port": 80,
                "protocol": "HTTP",
                "timeout_in_seconds": 9,
                "tolerated_number_of_failures": 3
              }
            ],
            "name": "AZ204-2025-DEV",
            "profile_status": "Enabled",
            "resource_group_name": "AZ204-RG-2025-DEV",
            "tags": {},
            "timeouts": null,
            "traffic_routing_method": "Performance",
            "traffic_view_enabled": false
          },
          "sensitive_attributes": [],
          "private": "eyJlMmJmYjczMC1lY2FhLTExZTYtOGY4OC0zNDM2M2JjN2M0YzAiOnsiY3JlYXRlIjoxODAwMDAwMDAwMDAwLCJkZWxldGUiOjE4MDAwMDAwMDAwMDAsInJlYWQiOjMwMDAwMDAwMDAwMCwidXBkYXRlIjoxODAwMDAwMDAwMDAwfX0=",
          "dependencies": [
            "module.RG.azurerm_resource_group.rg"
          ]
        }
      ]
    },
    {
      "module": "module.TRAF_ENDPOINT[\"aspapinorth\"]",
      "mode": "managed",
      "type": "azurerm_traffic_manager_azure_endpoint",
      "name": "endpoint",
      "provider": "provider[\"registry.terraform.io/hashicorp/azurerm\"]",
      "instances": [
        {
          "schema_version": 0,
          "attributes": {
            "always_serve_enabled": true,
            "custom_header": [],
            "enabled": true,
            "geo_mappings": [],
            "id": "/subscriptions/eaeb2398-aed1-43e9-a305-6abad2295400/resourceGroups/AZ204-RG-2025-DEV/providers/Microsoft.Network/trafficManagerProfiles/AZ204-2025-DEV/AzureEndpoints/aspapinorth",
            "name": "aspapinorth",
            "priority": 2,
            "profile_id": "/subscriptions/eaeb2398-aed1-43e9-a305-6abad2295400/resourceGroups/AZ204-RG-2025-DEV/providers/Microsoft.Network/trafficManagerProfiles/AZ204-2025-DEV",
            "subnet": [],
            "target_resource_id": "/subscriptions/eaeb2398-aed1-43e9-a305-6abad2295400/resourceGroups/AZ204-RG-2025-DEV/providers/Microsoft.Web/sites/az204aspapinorth2025dev",
            "timeouts": null,
            "weight": 100
          },
          "sensitive_attributes": [],
          "private": "eyJlMmJmYjczMC1lY2FhLTExZTYtOGY4OC0zNDM2M2JjN2M0YzAiOnsiY3JlYXRlIjoxODAwMDAwMDAwMDAwLCJkZWxldGUiOjE4MDAwMDAwMDAwMDAsInJlYWQiOjMwMDAwMDAwMDAwMCwidXBkYXRlIjoxODAwMDAwMDAwMDAwfX0=",
          "dependencies": [
            "module.ASP.azurerm_service_plan.asp",
            "module.AWAPP.azurerm_windows_web_app.awapp",
            "module.RG.azurerm_resource_group.rg",
            "module.TRAF.azurerm_traffic_manager_profile.traf"
          ]
        }
      ]
    },
    {
      "module": "module.TRAF_ENDPOINT[\"aspwebwest\"]",
      "mode": "managed",
      "type": "azurerm_traffic_manager_azure_endpoint",
      "name": "endpoint",
      "provider": "provider[\"registry.terraform.io/hashicorp/azurerm\"]",
      "instances": [
        {
          "schema_version": 0,
          "attributes": {
            "always_serve_enabled": true,
            "custom_header": [],
            "enabled": true,
            "geo_mappings": [],
            "id": "/subscriptions/eaeb2398-aed1-43e9-a305-6abad2295400/resourceGroups/AZ204-RG-2025-DEV/providers/Microsoft.Network/trafficManagerProfiles/AZ204-2025-DEV/AzureEndpoints/aspwebwest",
            "name": "aspwebwest",
            "priority": 1,
            "profile_id": "/subscriptions/eaeb2398-aed1-43e9-a305-6abad2295400/resourceGroups/AZ204-RG-2025-DEV/providers/Microsoft.Network/trafficManagerProfiles/AZ204-2025-DEV",
            "subnet": [],
            "target_resource_id": "/subscriptions/eaeb2398-aed1-43e9-a305-6abad2295400/resourceGroups/AZ204-RG-2025-DEV/providers/Microsoft.Web/sites/az204aspwebwest2025dev",
            "timeouts": null,
            "weight": 100
          },
          "sensitive_attributes": [],
          "private": "eyJlMmJmYjczMC1lY2FhLTExZTYtOGY4OC0zNDM2M2JjN2M0YzAiOnsiY3JlYXRlIjoxODAwMDAwMDAwMDAwLCJkZWxldGUiOjE4MDAwMDAwMDAwMDAsInJlYWQiOjMwMDAwMDAwMDAwMCwidXBkYXRlIjoxODAwMDAwMDAwMDAwfX0=",
          "dependencies": [
            "module.ASP.azurerm_service_plan.asp",
            "module.AWAPP.azurerm_windows_web_app.awapp",
            "module.RG.azurerm_resource_group.rg",
            "module.TRAF.azurerm_traffic_manager_profile.traf"
          ]
        }
      ]
    }
  ],
  "check_results": null
}
