{
  "version": 4,
  "terraform_version": "1.10.5",
  "serial": 66,
  "lineage": "73c68efa-ccf7-7805-8915-bb134fce7830",
  "outputs": {
    "TRAFFIC_MANAGER_FQDN": {
      "value": "az2042025dev.trafficmanager.net",
      "type": "string"
    },
    "WEB_API_ENDPOINT_URL": {
      "value": "az204aspapinorth2025dev.azurewebsites.net",
      "type": "string"
    },
    "WEB_NORTH_ENDPOINT_URL": {
      "value": "az204aspwebnorth2025dev.azurewebsites.net",
      "type": "string"
    },
    "WEB_WEST_ENDPOINT_URL": {
      "value": "az204aspwebwest2025dev.azurewebsites.net",
      "type": "string"
    }
  },
  "resources": [
    {
      "mode": "managed",
      "type": "azurerm_monitor_autoscale_setting",
      "name": "amass",
      "provider": "provider[\"registry.terraform.io/hashicorp/azurerm\"]",
      "instances": [
        {
          "schema_version": 2,
          "attributes": {
            "enabled": true,
            "id": "/subscriptions/eaeb2398-aed1-43e9-a305-6abad2295400/resourceGroups/AZ204-RG-2025-DEV/providers/Microsoft.Insights/autoScaleSettings/AutoScaleForWebAPI",
            "location": "northeurope",
            "name": "AutoScaleForWebAPI",
            "notification": [],
            "predictive": [],
            "profile": [
              {
                "capacity": [
                  {
                    "default": 1,
                    "maximum": 4,
                    "minimum": 1
                  }
                ],
                "fixed_date": [],
                "name": "default",
                "recurrence": [],
                "rule": [
                  {
                    "metric_trigger": [
                      {
                        "dimensions": [],
                        "divide_by_instance_count": false,
                        "metric_name": "CpuPercentage",
                        "metric_namespace": "",
                        "metric_resource_id": "/subscriptions/eaeb2398-aed1-43e9-a305-6abad2295400/resourceGroups/AZ204-RG-2025-DEV/providers/Microsoft.Web/serverFarms/az204aspapinorth2025dev",
                        "operator": "GreaterThan",
                        "statistic": "Average",
                        "threshold": 70,
                        "time_aggregation": "Average",
                        "time_grain": "PT1M",
                        "time_window": "PT5M"
                      }
                    ],
                    "scale_action": [
                      {
                        "cooldown": "PT1M",
                        "direction": "Increase",
                        "type": "ChangeCount",
                        "value": 1
                      }
                    ]
                  },
                  {
                    "metric_trigger": [
                      {
                        "dimensions": [],
                        "divide_by_instance_count": false,
                        "metric_name": "CpuPercentage",
                        "metric_namespace": "",
                        "metric_resource_id": "/subscriptions/eaeb2398-aed1-43e9-a305-6abad2295400/resourceGroups/AZ204-RG-2025-DEV/providers/Microsoft.Web/serverFarms/az204aspapinorth2025dev",
                        "operator": "LessThan",
                        "statistic": "Average",
                        "threshold": 20,
                        "time_aggregation": "Average",
                        "time_grain": "PT1M",
                        "time_window": "PT5M"
                      }
                    ],
                    "scale_action": [
                      {
                        "cooldown": "PT5M",
                        "direction": "Decrease",
                        "type": "ChangeCount",
                        "value": 1
                      }
                    ]
                  }
                ]
              }
            ],
            "resource_group_name": "AZ204-RG-2025-DEV",
            "tags": {},
            "target_resource_id": "/subscriptions/eaeb2398-aed1-43e9-a305-6abad2295400/resourceGroups/AZ204-RG-2025-DEV/providers/Microsoft.Web/serverFarms/az204aspapinorth2025dev",
            "timeouts": null
          },
          "sensitive_attributes": [],
          "private": "eyJlMmJmYjczMC1lY2FhLTExZTYtOGY4OC0zNDM2M2JjN2M0YzAiOnsiY3JlYXRlIjoxODAwMDAwMDAwMDAwLCJkZWxldGUiOjE4MDAwMDAwMDAwMDAsInJlYWQiOjMwMDAwMDAwMDAwMCwidXBkYXRlIjoxODAwMDAwMDAwMDAwfSwic2NoZW1hX3ZlcnNpb24iOiIyIn0=",
          "dependencies": [
            "module.ASP.azurerm_service_plan.asp",
            "module.RG.azurerm_resource_group.rg"
          ]
        }
      ]
    },
    {
      "mode": "managed",
      "type": "local_file",
      "name": "WEB_API",
      "provider": "provider[\"registry.terraform.io/hashicorp/local\"]",
      "instances": [
        {
          "schema_version": 0,
          "attributes": {
            "content": "{\n    \"baseUrls\": {\n        \"apiBase\": \"https://az204aspapinorth2025dev.azurewebsites.net/api/\",\n        \"webBase\": \"https://az2042025dev.trafficmanager.net/\"\n    },\n    \"UseOnlyInMemoryDatabase\": true,\n    \"CatalogBaseUrl\": \"\",\n    \"Logging\": {\n        \"IncludeScopes\": false,\n        \"LogLevel\": {\n            \"Default\": \"Warning\",\n            \"Microsoft\": \"Warning\",\n            \"System\": \"Warning\"\n        },\n        \"AllowedHosts\": \"*\"\n    }\n}\n",
            "content_base64": null,
            "content_base64sha256": "yhW2M/py+iwNKZokHb2w1OiyyvAL3MJdHMPHweIlEUw=",
            "content_base64sha512": "c/WI6Clu+XTZAzIRxYdCyUdQGiINoDkBTWBhXR+5qCZ5pehugBM5kBPIrpi9VUFycQ8CmiVb8rnXfsoWR7Afsw==",
            "content_md5": "42b1d03f4f56a29a4d4a208eddd8a4d8",
            "content_sha1": "3b490cd13eaa8c341f387c7d1cf2b9faa83ccae2",
            "content_sha256": "ca15b633fa72fa2c0d299a241dbdb0d4e8b2caf00bdcc25d1cc3c7c1e225114c",
            "content_sha512": "73f588e8296ef974d9033211c58742c947501a220da039014d60615d1fb9a82679a5e86e8013399013c8ae98bd554172710f029a255bf2b9d77eca1647b01fb3",
            "directory_permission": "0777",
            "file_permission": "0777",
            "filename": "./../src/PublicApi/appsettings.json",
            "id": "3b490cd13eaa8c341f387c7d1cf2b9faa83ccae2",
            "sensitive_content": null,
            "source": null
          },
          "sensitive_attributes": [
            [
              {
                "type": "get_attr",
                "value": "sensitive_content"
              }
            ]
          ],
          "dependencies": [
            "module.APPI.azurerm_application_insights.appi",
            "module.ASP.azurerm_service_plan.asp",
            "module.AWAPP.azurerm_windows_web_app.awapp",
            "module.LOG.azurerm_log_analytics_workspace.log",
            "module.RG.azurerm_resource_group.rg",
            "module.TRAF.azurerm_traffic_manager_profile.traf"
          ]
        }
      ]
    },
    {
      "mode": "managed",
      "type": "local_file",
      "name": "WEB_APP",
      "provider": "provider[\"registry.terraform.io/hashicorp/local\"]",
      "instances": [
        {
          "schema_version": 0,
          "attributes": {
            "content": "{\n    \"baseUrls\": {\n        \"apiBase\": \"https://az204aspapinorth2025dev.azurewebsites.net/api/\"\n    },\n    \"UseOnlyInMemoryDatabase\": true,\n    \"CatalogBaseUrl\": \"\",\n    \"Logging\": {\n        \"IncludeScopes\": false,\n        \"LogLevel\": {\n            \"Default\": \"Warning\",\n            \"Microsoft\": \"Warning\",\n            \"System\": \"Warning\"\n        },\n        \"AllowedHosts\": \"*\"\n    }\n}\n",
            "content_base64": null,
            "content_base64sha256": "aLVpuiCL22M6vYREMEhSkdtFla1sAxF0UaYvdt2ftl8=",
            "content_base64sha512": "wRXnhAm/SjoukyRsDRyt3AhfVGdeGU5dolCLhu13ryYTpDHsSKHH7pk+suJVF1mBiajbkYJqEzVmrbzmfSMynA==",
            "content_md5": "c091cbd380461e215280da7e35558ca5",
            "content_sha1": "cb9c14cc1d2ad566dfb4ab00eeb67184a9062868",
            "content_sha256": "68b569ba208bdb633abd844430485291db4595ad6c03117451a62f76dd9fb65f",
            "content_sha512": "c115e78409bf4a3a2e93246c0d1caddc085f54675e194e5da2508b86ed77af2613a431ec48a1c7ee993eb2e25517598189a8db91826a133566adbce67d23329c",
            "directory_permission": "0777",
            "file_permission": "0777",
            "filename": "./../src/Web/appsettings.json",
            "id": "cb9c14cc1d2ad566dfb4ab00eeb67184a9062868",
            "sensitive_content": null,
            "source": null
          },
          "sensitive_attributes": [
            [
              {
                "type": "get_attr",
                "value": "sensitive_content"
              }
            ]
          ],
          "dependencies": [
            "module.APPI.azurerm_application_insights.appi",
            "module.ASP.azurerm_service_plan.asp",
            "module.AWAPP.azurerm_windows_web_app.awapp",
            "module.LOG.azurerm_log_analytics_workspace.log",
            "module.RG.azurerm_resource_group.rg"
          ]
        }
      ]
    },
    {
      "module": "module.APPI",
      "mode": "managed",
      "type": "azurerm_application_insights",
      "name": "appi",
      "provider": "provider[\"registry.terraform.io/hashicorp/azurerm\"]",
      "instances": [
        {
          "schema_version": 2,
          "attributes": {
            "app_id": "ff017a7e-1573-4eb0-bcb5-8d3b571b7d3e",
            "application_type": "web",
            "connection_string": "InstrumentationKey=22f445d7-6e30-42db-b3da-fcf965dabb0b;IngestionEndpoint=https://northeurope-2.in.applicationinsights.azure.com/;LiveEndpoint=https://northeurope.livediagnostics.monitor.azure.com/;ApplicationId=ff017a7e-1573-4eb0-bcb5-8d3b571b7d3e",
            "daily_data_cap_in_gb": 100,
            "daily_data_cap_notifications_disabled": false,
            "disable_ip_masking": false,
            "force_customer_storage_for_profiler": false,
            "id": "/subscriptions/eaeb2398-aed1-43e9-a305-6abad2295400/resourceGroups/AZ204-RG-2025-DEV/providers/Microsoft.Insights/components/AZ204-APPINS-2025-DEV",
            "instrumentation_key": "22f445d7-6e30-42db-b3da-fcf965dabb0b",
            "internet_ingestion_enabled": true,
            "internet_query_enabled": true,
            "local_authentication_disabled": false,
            "location": "northeurope",
            "name": "AZ204-APPINS-2025-DEV",
            "resource_group_name": "AZ204-RG-2025-DEV",
            "retention_in_days": 90,
            "sampling_percentage": 100,
            "tags": null,
            "timeouts": null,
            "workspace_id": "/subscriptions/eaeb2398-aed1-43e9-a305-6abad2295400/resourceGroups/AZ204-RG-2025-DEV/providers/Microsoft.OperationalInsights/workspaces/AZ204-LOG-2025-DEV"
          },
          "sensitive_attributes": [
            [
              {
                "type": "get_attr",
                "value": "instrumentation_key"
              }
            ],
            [
              {
                "type": "get_attr",
                "value": "connection_string"
              }
            ]
          ],
          "private": "eyJlMmJmYjczMC1lY2FhLTExZTYtOGY4OC0zNDM2M2JjN2M0YzAiOnsiY3JlYXRlIjozNjAwMDAwMDAwMDAwLCJkZWxldGUiOjE4MDAwMDAwMDAwMDAsInJlYWQiOjMwMDAwMDAwMDAwMCwidXBkYXRlIjoxODAwMDAwMDAwMDAwfSwic2NoZW1hX3ZlcnNpb24iOiIyIn0=",
          "dependencies": [
            "module.LOG.azurerm_log_analytics_workspace.log",
            "module.RG.azurerm_resource_group.rg"
          ]
        }
      ]
    },
    {
      "module": "module.ASP[\"aspapinorth\"]",
      "mode": "managed",
      "type": "azurerm_service_plan",
      "name": "asp",
      "provider": "provider[\"registry.terraform.io/hashicorp/azurerm\"]",
      "instances": [
        {
          "schema_version": 1,
          "attributes": {
            "app_service_environment_id": "",
            "id": "/subscriptions/eaeb2398-aed1-43e9-a305-6abad2295400/resourceGroups/AZ204-RG-2025-DEV/providers/Microsoft.Web/serverFarms/az204aspapinorth2025dev",
            "kind": "app",
            "location": "northeurope",
            "maximum_elastic_worker_count": 1,
            "name": "az204aspapinorth2025dev",
            "os_type": "Windows",
            "per_site_scaling_enabled": false,
            "premium_plan_auto_scale_enabled": false,
            "reserved": false,
            "resource_group_name": "AZ204-RG-2025-DEV",
            "sku_name": "S1",
            "tags": {},
            "timeouts": null,
            "worker_count": 1,
            "zone_balancing_enabled": false
          },
          "sensitive_attributes": [],
          "private": "eyJlMmJmYjczMC1lY2FhLTExZTYtOGY4OC0zNDM2M2JjN2M0YzAiOnsiY3JlYXRlIjozNjAwMDAwMDAwMDAwLCJkZWxldGUiOjM2MDAwMDAwMDAwMDAsInJlYWQiOjMwMDAwMDAwMDAwMCwidXBkYXRlIjozNjAwMDAwMDAwMDAwfSwic2NoZW1hX3ZlcnNpb24iOiIxIn0=",
          "dependencies": [
            "module.RG.azurerm_resource_group.rg"
          ]
        }
      ]
    },
    {
      "module": "module.ASP[\"aspwebnorth\"]",
      "mode": "managed",
      "type": "azurerm_service_plan",
      "name": "asp",
      "provider": "provider[\"registry.terraform.io/hashicorp/azurerm\"]",
      "instances": [
        {
          "schema_version": 1,
          "attributes": {
            "app_service_environment_id": "",
            "id": "/subscriptions/eaeb2398-aed1-43e9-a305-6abad2295400/resourceGroups/AZ204-RG-2025-DEV/providers/Microsoft.Web/serverFarms/az204aspwebnorth2025dev",
            "kind": "app",
            "location": "northeurope",
            "maximum_elastic_worker_count": 1,
            "name": "az204aspwebnorth2025dev",
            "os_type": "Windows",
            "per_site_scaling_enabled": false,
            "premium_plan_auto_scale_enabled": false,
            "reserved": false,
            "resource_group_name": "AZ204-RG-2025-DEV",
            "sku_name": "S1",
            "tags": {},
            "timeouts": null,
            "worker_count": 1,
            "zone_balancing_enabled": false
          },
          "sensitive_attributes": [],
          "private": "eyJlMmJmYjczMC1lY2FhLTExZTYtOGY4OC0zNDM2M2JjN2M0YzAiOnsiY3JlYXRlIjozNjAwMDAwMDAwMDAwLCJkZWxldGUiOjM2MDAwMDAwMDAwMDAsInJlYWQiOjMwMDAwMDAwMDAwMCwidXBkYXRlIjozNjAwMDAwMDAwMDAwfSwic2NoZW1hX3ZlcnNpb24iOiIxIn0=",
          "dependencies": [
            "module.RG.azurerm_resource_group.rg"
          ]
        }
      ]
    },
    {
      "module": "module.ASP[\"aspwebwest\"]",
      "mode": "managed",
      "type": "azurerm_service_plan",
      "name": "asp",
      "provider": "provider[\"registry.terraform.io/hashicorp/azurerm\"]",
      "instances": [
        {
          "schema_version": 1,
          "attributes": {
            "app_service_environment_id": "",
            "id": "/subscriptions/eaeb2398-aed1-43e9-a305-6abad2295400/resourceGroups/AZ204-RG-2025-DEV/providers/Microsoft.Web/serverFarms/az204aspwebwest2025dev",
            "kind": "app",
            "location": "westeurope",
            "maximum_elastic_worker_count": 1,
            "name": "az204aspwebwest2025dev",
            "os_type": "Windows",
            "per_site_scaling_enabled": false,
            "premium_plan_auto_scale_enabled": false,
            "reserved": false,
            "resource_group_name": "AZ204-RG-2025-DEV",
            "sku_name": "S1",
            "tags": {},
            "timeouts": null,
            "worker_count": 1,
            "zone_balancing_enabled": false
          },
          "sensitive_attributes": [],
          "private": "eyJlMmJmYjczMC1lY2FhLTExZTYtOGY4OC0zNDM2M2JjN2M0YzAiOnsiY3JlYXRlIjozNjAwMDAwMDAwMDAwLCJkZWxldGUiOjM2MDAwMDAwMDAwMDAsInJlYWQiOjMwMDAwMDAwMDAwMCwidXBkYXRlIjozNjAwMDAwMDAwMDAwfSwic2NoZW1hX3ZlcnNpb24iOiIxIn0=",
          "dependencies": [
            "module.RG.azurerm_resource_group.rg"
          ]
        }
      ]
    },
    {
      "module": "module.AWAPPSLOT[\"staging\"]",
      "mode": "managed",
      "type": "azurerm_windows_web_app_slot",
      "name": "awappslot",
      "provider": "provider[\"registry.terraform.io/hashicorp/azurerm\"]",
      "instances": [
        {
          "schema_version": 1,
          "attributes": {
            "app_service_id": "/subscriptions/eaeb2398-aed1-43e9-a305-6abad2295400/resourceGroups/AZ204-RG-2025-DEV/providers/Microsoft.Web/sites/az204aspwebnorth2025dev",
            "app_settings": {
              "ASPNETCORE_ENVIRONMENT": "Development"
            },
            "auth_settings": [],
            "auth_settings_v2": [],
            "backup": [],
            "client_affinity_enabled": false,
            "client_certificate_enabled": false,
            "client_certificate_exclusion_paths": "",
            "client_certificate_mode": "Required",
            "connection_string": [],
            "custom_domain_verification_id": "2FFD96ADA034C0AE152B5D7951D1254346E27C012C4F02F46940CCF3AA592F0B",
            "default_hostname": "az204aspwebnorth2025dev-staging.azurewebsites.net",
            "enabled": true,
            "ftp_publish_basic_authentication_enabled": true,
            "hosting_environment_id": "",
            "https_only": false,
            "id": "/subscriptions/eaeb2398-aed1-43e9-a305-6abad2295400/resourceGroups/AZ204-RG-2025-DEV/providers/Microsoft.Web/sites/az204aspwebnorth2025dev/slots/staging",
            "identity": [],
            "key_vault_reference_identity_id": "SystemAssigned",
            "kind": "app",
            "logs": [],
            "name": "staging",
            "outbound_ip_address_list": [
              "20.166.208.247",
              "20.166.209.166",
              "20.166.210.4",
              "20.166.210.25",
              "20.166.210.32",
              "20.166.210.232",
              "20.166.212.162",
              "20.166.212.168",
              "20.166.212.178",
              "20.166.212.191",
              "20.166.212.199",
              "20.166.212.207",
              "20.166.212.241",
              "20.166.212.254",
              "20.166.213.2",
              "20.166.213.18",
              "20.166.213.27",
              "20.166.213.31",
              "20.107.224.37"
            ],
            "outbound_ip_addresses": "20.166.208.247,20.166.209.166,20.166.210.4,20.166.210.25,20.166.210.32,20.166.210.232,20.166.212.162,20.166.212.168,20.166.212.178,20.166.212.191,20.166.212.199,20.166.212.207,20.166.212.241,20.166.212.254,20.166.213.2,20.166.213.18,20.166.213.27,20.166.213.31,20.107.224.37",
            "possible_outbound_ip_address_list": [
              "20.166.208.247",
              "20.166.209.166",
              "20.166.210.4",
              "20.166.210.25",
              "20.166.210.32",
              "20.166.210.232",
              "20.166.212.162",
              "20.166.212.168",
              "20.166.212.178",
              "20.166.212.191",
              "20.166.212.199",
              "20.166.212.207",
              "20.166.212.241",
              "20.166.212.254",
              "20.166.213.2",
              "20.166.213.18",
              "20.166.213.27",
              "20.166.213.31",
              "135.236.254.52",
              "20.166.211.44",
              "20.166.211.64",
              "20.166.211.68",
              "20.166.211.212",
              "20.166.212.1",
              "20.166.212.5",
              "20.166.212.30",
              "20.166.212.32",
              "20.166.212.59",
              "20.166.212.64",
              "20.166.212.68",
              "20.166.212.81",
              "20.166.212.87",
              "20.166.212.94",
              "20.166.212.97",
              "20.166.212.98",
              "20.166.212.148",
              "20.166.212.151",
              "20.166.213.50",
              "20.166.213.97",
              "20.166.213.113",
              "20.166.213.138",
              "20.166.213.157",
              "20.166.213.161",
              "20.107.224.37"
            ],
            "possible_outbound_ip_addresses": "20.166.208.247,20.166.209.166,20.166.210.4,20.166.210.25,20.166.210.32,20.166.210.232,20.166.212.162,20.166.212.168,20.166.212.178,20.166.212.191,20.166.212.199,20.166.212.207,20.166.212.241,20.166.212.254,20.166.213.2,20.166.213.18,20.166.213.27,20.166.213.31,135.236.254.52,20.166.211.44,20.166.211.64,20.166.211.68,20.166.211.212,20.166.212.1,20.166.212.5,20.166.212.30,20.166.212.32,20.166.212.59,20.166.212.64,20.166.212.68,20.166.212.81,20.166.212.87,20.166.212.94,20.166.212.97,20.166.212.98,20.166.212.148,20.166.212.151,20.166.213.50,20.166.213.97,20.166.213.113,20.166.213.138,20.166.213.157,20.166.213.161,20.107.224.37",
            "public_network_access_enabled": true,
            "service_plan_id": "",
            "site_config": [
              {
                "always_on": true,
                "api_definition_url": "",
                "api_management_api_id": "",
                "app_command_line": "",
                "application_stack": [
                  {
                    "current_stack": "",
                    "docker_image_name": "",
                    "docker_registry_password": "",
                    "docker_registry_url": "",
                    "docker_registry_username": "",
                    "dotnet_core_version": "",
                    "dotnet_version": "v9.0",
                    "java_container": "",
                    "java_container_version": "",
                    "java_embedded_server_enabled": false,
                    "java_version": "",
                    "node_version": "",
                    "php_version": "5.6",
                    "python": false,
                    "tomcat_version": ""
                  }
                ],
                "auto_heal_setting": [],
                "auto_swap_slot_name": "",
                "container_registry_managed_identity_client_id": "",
                "container_registry_use_managed_identity": false,
                "cors": [],
                "default_documents": [
                  "Default.htm",
                  "Default.html",
                  "Default.asp",
                  "index.htm",
                  "index.html",
                  "iisstart.htm",
                  "default.aspx",
                  "index.php",
                  "hostingstart.html"
                ],
                "detailed_error_logging_enabled": false,
                "ftps_state": "Disabled",
                "handler_mapping": [],
                "health_check_eviction_time_in_min": 0,
                "health_check_path": "",
                "http2_enabled": false,
                "ip_restriction": [],
                "ip_restriction_default_action": "Allow",
                "load_balancing_mode": "LeastRequests",
                "local_mysql_enabled": false,
                "managed_pipeline_mode": "Integrated",
                "minimum_tls_version": "1.2",
                "remote_debugging_enabled": false,
                "remote_debugging_version": "VS2022",
                "scm_ip_restriction": [],
                "scm_ip_restriction_default_action": "Allow",
                "scm_minimum_tls_version": "1.2",
                "scm_type": "None",
                "scm_use_main_ip_restriction": false,
                "use_32_bit_worker": false,
                "virtual_application": [],
                "vnet_route_all_enabled": false,
                "websockets_enabled": false,
                "windows_fx_version": "",
                "worker_count": 1
              }
            ],
            "site_credential": [
              {
                "name": "$az204aspwebnorth2025dev__staging",
                "password": "uh6lNpsJfgzuQv0xQw5oistQQL1KdHXamFf24fN9xFWPw0bWolMjieGPtK3r"
              }
            ],
            "storage_account": [],
            "tags": {},
            "timeouts": null,
            "virtual_network_backup_restore_enabled": false,
            "virtual_network_subnet_id": "",
            "webdeploy_publish_basic_authentication_enabled": true,
            "zip_deploy_file": ""
          },
          "sensitive_attributes": [
            [
              {
                "type": "get_attr",
                "value": "site_config"
              },
              {
                "type": "index",
                "value": {
                  "value": 0,
                  "type": "number"
                }
              },
              {
                "type": "get_attr",
                "value": "application_stack"
              },
              {
                "type": "index",
                "value": {
                  "value": 0,
                  "type": "number"
                }
              },
              {
                "type": "get_attr",
                "value": "docker_registry_password"
              }
            ],
            [
              {
                "type": "get_attr",
                "value": "site_credential"
              }
            ],
            [
              {
                "type": "get_attr",
                "value": "custom_domain_verification_id"
              }
            ]
          ],
          "private": "eyJlMmJmYjczMC1lY2FhLTExZTYtOGY4OC0zNDM2M2JjN2M0YzAiOnsiY3JlYXRlIjoxODAwMDAwMDAwMDAwLCJkZWxldGUiOjE4MDAwMDAwMDAwMDAsInJlYWQiOjMwMDAwMDAwMDAwMCwidXBkYXRlIjoxODAwMDAwMDAwMDAwfSwic2NoZW1hX3ZlcnNpb24iOiIxIn0=",
          "dependencies": [
            "module.APPI.azurerm_application_insights.appi",
            "module.ASP.azurerm_service_plan.asp",
            "module.AWAPP.azurerm_windows_web_app.awapp",
            "module.LOG.azurerm_log_analytics_workspace.log",
            "module.RG.azurerm_resource_group.rg"
          ]
        }
      ]
    },
    {
      "module": "module.AWAPP[\"aspapinorth\"]",
      "mode": "managed",
      "type": "azurerm_windows_web_app",
      "name": "awapp",
      "provider": "provider[\"registry.terraform.io/hashicorp/azurerm\"]",
      "instances": [
        {
          "schema_version": 1,
          "attributes": {
            "app_settings": {
              "APPINSIGHTS_INSTRUMENTATIONKEY": "22f445d7-6e30-42db-b3da-fcf965dabb0b",
              "ASPNETCORE_ENVIRONMENT": "Development"
            },
            "auth_settings": [],
            "auth_settings_v2": [],
            "backup": [],
            "client_affinity_enabled": false,
            "client_certificate_enabled": false,
            "client_certificate_exclusion_paths": "",
            "client_certificate_mode": "Required",
            "connection_string": [],
            "custom_domain_verification_id": "2FFD96ADA034C0AE152B5D7951D1254346E27C012C4F02F46940CCF3AA592F0B",
            "default_hostname": "az204aspapinorth2025dev.azurewebsites.net",
            "enabled": true,
            "ftp_publish_basic_authentication_enabled": true,
            "hosting_environment_id": "",
            "https_only": false,
            "id": "/subscriptions/eaeb2398-aed1-43e9-a305-6abad2295400/resourceGroups/AZ204-RG-2025-DEV/providers/Microsoft.Web/sites/az204aspapinorth2025dev",
            "identity": [],
            "key_vault_reference_identity_id": "SystemAssigned",
            "kind": "app",
            "location": "northeurope",
            "logs": [],
            "name": "az204aspapinorth2025dev",
            "outbound_ip_address_list": [
              "20.166.208.247",
              "20.166.209.166",
              "20.166.210.4",
              "20.166.210.25",
              "20.166.210.32",
              "20.166.210.232",
              "20.166.212.162",
              "20.166.212.168",
              "20.166.212.178",
              "20.166.212.191",
              "20.166.212.199",
              "20.166.212.207",
              "20.166.212.241",
              "20.166.212.254",
              "20.166.213.2",
              "20.166.213.18",
              "20.166.213.27",
              "20.166.213.31",
              "20.107.224.37"
            ],
            "outbound_ip_addresses": "20.166.208.247,20.166.209.166,20.166.210.4,20.166.210.25,20.166.210.32,20.166.210.232,20.166.212.162,20.166.212.168,20.166.212.178,20.166.212.191,20.166.212.199,20.166.212.207,20.166.212.241,20.166.212.254,20.166.213.2,20.166.213.18,20.166.213.27,20.166.213.31,20.107.224.37",
            "possible_outbound_ip_address_list": [
              "20.166.208.247",
              "20.166.209.166",
              "20.166.210.4",
              "20.166.210.25",
              "20.166.210.32",
              "20.166.210.232",
              "20.166.212.162",
              "20.166.212.168",
              "20.166.212.178",
              "20.166.212.191",
              "20.166.212.199",
              "20.166.212.207",
              "20.166.212.241",
              "20.166.212.254",
              "20.166.213.2",
              "20.166.213.18",
              "20.166.213.27",
              "20.166.213.31",
              "135.236.254.52",
              "20.166.211.44",
              "20.166.211.64",
              "20.166.211.68",
              "20.166.211.212",
              "20.166.212.1",
              "20.166.212.5",
              "20.166.212.30",
              "20.166.212.32",
              "20.166.212.59",
              "20.166.212.64",
              "20.166.212.68",
              "20.166.212.81",
              "20.166.212.87",
              "20.166.212.94",
              "20.166.212.97",
              "20.166.212.98",
              "20.166.212.148",
              "20.166.212.151",
              "20.166.213.50",
              "20.166.213.97",
              "20.166.213.113",
              "20.166.213.138",
              "20.166.213.157",
              "20.166.213.161",
              "20.107.224.37"
            ],
            "possible_outbound_ip_addresses": "20.166.208.247,20.166.209.166,20.166.210.4,20.166.210.25,20.166.210.32,20.166.210.232,20.166.212.162,20.166.212.168,20.166.212.178,20.166.212.191,20.166.212.199,20.166.212.207,20.166.212.241,20.166.212.254,20.166.213.2,20.166.213.18,20.166.213.27,20.166.213.31,135.236.254.52,20.166.211.44,20.166.211.64,20.166.211.68,20.166.211.212,20.166.212.1,20.166.212.5,20.166.212.30,20.166.212.32,20.166.212.59,20.166.212.64,20.166.212.68,20.166.212.81,20.166.212.87,20.166.212.94,20.166.212.97,20.166.212.98,20.166.212.148,20.166.212.151,20.166.213.50,20.166.213.97,20.166.213.113,20.166.213.138,20.166.213.157,20.166.213.161,20.107.224.37",
            "public_network_access_enabled": true,
            "resource_group_name": "AZ204-RG-2025-DEV",
            "service_plan_id": "/subscriptions/eaeb2398-aed1-43e9-a305-6abad2295400/resourceGroups/AZ204-RG-2025-DEV/providers/Microsoft.Web/serverFarms/az204aspapinorth2025dev",
            "site_config": [
              {
                "always_on": true,
                "api_definition_url": "",
                "api_management_api_id": "",
                "app_command_line": "",
                "application_stack": [
                  {
                    "current_stack": "",
                    "docker_image_name": "",
                    "docker_registry_password": "",
                    "docker_registry_url": "",
                    "docker_registry_username": "",
                    "dotnet_core_version": "",
                    "dotnet_version": "v9.0",
                    "java_container": "",
                    "java_container_version": "",
                    "java_embedded_server_enabled": false,
                    "java_version": "",
                    "node_version": "",
                    "php_version": "5.6",
                    "python": false,
                    "tomcat_version": ""
                  }
                ],
                "auto_heal_setting": [],
                "container_registry_managed_identity_client_id": "",
                "container_registry_use_managed_identity": false,
                "cors": [],
                "default_documents": [
                  "Default.htm",
                  "Default.html",
                  "Default.asp",
                  "index.htm",
                  "index.html",
                  "iisstart.htm",
                  "default.aspx",
                  "index.php",
                  "hostingstart.html"
                ],
                "detailed_error_logging_enabled": false,
                "ftps_state": "Disabled",
                "handler_mapping": [],
                "health_check_eviction_time_in_min": 0,
                "health_check_path": "",
                "http2_enabled": false,
                "ip_restriction": [],
                "ip_restriction_default_action": "Allow",
                "linux_fx_version": "",
                "load_balancing_mode": "LeastRequests",
                "local_mysql_enabled": false,
                "managed_pipeline_mode": "Integrated",
                "minimum_tls_version": "1.2",
                "remote_debugging_enabled": false,
                "remote_debugging_version": "VS2022",
                "scm_ip_restriction": [],
                "scm_ip_restriction_default_action": "Allow",
                "scm_minimum_tls_version": "1.2",
                "scm_type": "None",
                "scm_use_main_ip_restriction": false,
                "use_32_bit_worker": true,
                "virtual_application": [],
                "vnet_route_all_enabled": false,
                "websockets_enabled": false,
                "windows_fx_version": "",
                "worker_count": 1
              }
            ],
            "site_credential": [
              {
                "name": "$az204aspapinorth2025dev",
                "password": "rpcHl7pLiTKaW5Kw4hCjCYBMzfHzs3g49aWCgKLbYDg3TeCiyt0TCKh5dePM"
              }
            ],
            "sticky_settings": [],
            "storage_account": [],
            "tags": {},
            "timeouts": null,
            "virtual_network_backup_restore_enabled": false,
            "virtual_network_subnet_id": "",
            "webdeploy_publish_basic_authentication_enabled": true,
            "zip_deploy_file": ""
          },
          "sensitive_attributes": [
            [
              {
                "type": "get_attr",
                "value": "app_settings"
              },
              {
                "type": "index",
                "value": {
                  "value": "APPINSIGHTS_INSTRUMENTATIONKEY",
                  "type": "string"
                }
              }
            ],
            [
              {
                "type": "get_attr",
                "value": "custom_domain_verification_id"
              }
            ],
            [
              {
                "type": "get_attr",
                "value": "site_config"
              },
              {
                "type": "index",
                "value": {
                  "value": 0,
                  "type": "number"
                }
              },
              {
                "type": "get_attr",
                "value": "application_stack"
              },
              {
                "type": "index",
                "value": {
                  "value": 0,
                  "type": "number"
                }
              },
              {
                "type": "get_attr",
                "value": "docker_registry_password"
              }
            ],
            [
              {
                "type": "get_attr",
                "value": "site_credential"
              }
            ]
          ],
          "private": "eyJlMmJmYjczMC1lY2FhLTExZTYtOGY4OC0zNDM2M2JjN2M0YzAiOnsiY3JlYXRlIjoxODAwMDAwMDAwMDAwLCJkZWxldGUiOjE4MDAwMDAwMDAwMDAsInJlYWQiOjMwMDAwMDAwMDAwMCwidXBkYXRlIjoxODAwMDAwMDAwMDAwfSwic2NoZW1hX3ZlcnNpb24iOiIxIn0=",
          "dependencies": [
            "module.APPI.azurerm_application_insights.appi",
            "module.ASP.azurerm_service_plan.asp",
            "module.LOG.azurerm_log_analytics_workspace.log",
            "module.RG.azurerm_resource_group.rg"
          ]
        }
      ]
    },
    {
      "module": "module.AWAPP[\"aspwebnorth\"]",
      "mode": "managed",
      "type": "azurerm_windows_web_app",
      "name": "awapp",
      "provider": "provider[\"registry.terraform.io/hashicorp/azurerm\"]",
      "instances": [
        {
          "schema_version": 1,
          "attributes": {
            "app_settings": {
              "ASPNETCORE_ENVIRONMENT": "Development"
            },
            "auth_settings": [],
            "auth_settings_v2": [],
            "backup": [],
            "client_affinity_enabled": false,
            "client_certificate_enabled": false,
            "client_certificate_exclusion_paths": "",
            "client_certificate_mode": "Required",
            "connection_string": [],
            "custom_domain_verification_id": "2FFD96ADA034C0AE152B5D7951D1254346E27C012C4F02F46940CCF3AA592F0B",
            "default_hostname": "az204aspwebnorth2025dev.azurewebsites.net",
            "enabled": true,
            "ftp_publish_basic_authentication_enabled": true,
            "hosting_environment_id": "",
            "https_only": false,
            "id": "/subscriptions/eaeb2398-aed1-43e9-a305-6abad2295400/resourceGroups/AZ204-RG-2025-DEV/providers/Microsoft.Web/sites/az204aspwebnorth2025dev",
            "identity": [],
            "key_vault_reference_identity_id": "SystemAssigned",
            "kind": "app",
            "location": "northeurope",
            "logs": [],
            "name": "az204aspwebnorth2025dev",
            "outbound_ip_address_list": [
              "20.166.208.247",
              "20.166.209.166",
              "20.166.210.4",
              "20.166.210.25",
              "20.166.210.32",
              "20.166.210.232",
              "20.166.212.162",
              "20.166.212.168",
              "20.166.212.178",
              "20.166.212.191",
              "20.166.212.199",
              "20.166.212.207",
              "20.166.212.241",
              "20.166.212.254",
              "20.166.213.2",
              "20.166.213.18",
              "20.166.213.27",
              "20.166.213.31",
              "20.107.224.37"
            ],
            "outbound_ip_addresses": "20.166.208.247,20.166.209.166,20.166.210.4,20.166.210.25,20.166.210.32,20.166.210.232,20.166.212.162,20.166.212.168,20.166.212.178,20.166.212.191,20.166.212.199,20.166.212.207,20.166.212.241,20.166.212.254,20.166.213.2,20.166.213.18,20.166.213.27,20.166.213.31,20.107.224.37",
            "possible_outbound_ip_address_list": [
              "20.166.208.247",
              "20.166.209.166",
              "20.166.210.4",
              "20.166.210.25",
              "20.166.210.32",
              "20.166.210.232",
              "20.166.212.162",
              "20.166.212.168",
              "20.166.212.178",
              "20.166.212.191",
              "20.166.212.199",
              "20.166.212.207",
              "20.166.212.241",
              "20.166.212.254",
              "20.166.213.2",
              "20.166.213.18",
              "20.166.213.27",
              "20.166.213.31",
              "135.236.254.52",
              "20.166.211.44",
              "20.166.211.64",
              "20.166.211.68",
              "20.166.211.212",
              "20.166.212.1",
              "20.166.212.5",
              "20.166.212.30",
              "20.166.212.32",
              "20.166.212.59",
              "20.166.212.64",
              "20.166.212.68",
              "20.166.212.81",
              "20.166.212.87",
              "20.166.212.94",
              "20.166.212.97",
              "20.166.212.98",
              "20.166.212.148",
              "20.166.212.151",
              "20.166.213.50",
              "20.166.213.97",
              "20.166.213.113",
              "20.166.213.138",
              "20.166.213.157",
              "20.166.213.161",
              "20.107.224.37"
            ],
            "possible_outbound_ip_addresses": "20.166.208.247,20.166.209.166,20.166.210.4,20.166.210.25,20.166.210.32,20.166.210.232,20.166.212.162,20.166.212.168,20.166.212.178,20.166.212.191,20.166.212.199,20.166.212.207,20.166.212.241,20.166.212.254,20.166.213.2,20.166.213.18,20.166.213.27,20.166.213.31,135.236.254.52,20.166.211.44,20.166.211.64,20.166.211.68,20.166.211.212,20.166.212.1,20.166.212.5,20.166.212.30,20.166.212.32,20.166.212.59,20.166.212.64,20.166.212.68,20.166.212.81,20.166.212.87,20.166.212.94,20.166.212.97,20.166.212.98,20.166.212.148,20.166.212.151,20.166.213.50,20.166.213.97,20.166.213.113,20.166.213.138,20.166.213.157,20.166.213.161,20.107.224.37",
            "public_network_access_enabled": true,
            "resource_group_name": "AZ204-RG-2025-DEV",
            "service_plan_id": "/subscriptions/eaeb2398-aed1-43e9-a305-6abad2295400/resourceGroups/AZ204-RG-2025-DEV/providers/Microsoft.Web/serverFarms/az204aspwebnorth2025dev",
            "site_config": [
              {
                "always_on": true,
                "api_definition_url": "",
                "api_management_api_id": "",
                "app_command_line": "",
                "application_stack": [
                  {
                    "current_stack": "",
                    "docker_image_name": "",
                    "docker_registry_password": "",
                    "docker_registry_url": "",
                    "docker_registry_username": "",
                    "dotnet_core_version": "",
                    "dotnet_version": "v9.0",
                    "java_container": "",
                    "java_container_version": "",
                    "java_embedded_server_enabled": false,
                    "java_version": "",
                    "node_version": "",
                    "php_version": "5.6",
                    "python": false,
                    "tomcat_version": ""
                  }
                ],
                "auto_heal_setting": [],
                "container_registry_managed_identity_client_id": "",
                "container_registry_use_managed_identity": false,
                "cors": [],
                "default_documents": [
                  "Default.htm",
                  "Default.html",
                  "Default.asp",
                  "index.htm",
                  "index.html",
                  "iisstart.htm",
                  "default.aspx",
                  "index.php",
                  "hostingstart.html"
                ],
                "detailed_error_logging_enabled": false,
                "ftps_state": "Disabled",
                "handler_mapping": [],
                "health_check_eviction_time_in_min": 0,
                "health_check_path": "",
                "http2_enabled": false,
                "ip_restriction": [],
                "ip_restriction_default_action": "Allow",
                "linux_fx_version": "",
                "load_balancing_mode": "LeastRequests",
                "local_mysql_enabled": false,
                "managed_pipeline_mode": "Integrated",
                "minimum_tls_version": "1.2",
                "remote_debugging_enabled": false,
                "remote_debugging_version": "VS2022",
                "scm_ip_restriction": [],
                "scm_ip_restriction_default_action": "Allow",
                "scm_minimum_tls_version": "1.2",
                "scm_type": "None",
                "scm_use_main_ip_restriction": false,
                "use_32_bit_worker": true,
                "virtual_application": [],
                "vnet_route_all_enabled": false,
                "websockets_enabled": false,
                "windows_fx_version": "",
                "worker_count": 1
              }
            ],
            "site_credential": [
              {
                "name": "$az204aspwebnorth2025dev",
                "password": "PL2olfgDDDzJJJJHlswDDeCdp5JaWyAqaQ3pvuKlcBANaCHZsfStxtm0EdTl"
              }
            ],
            "sticky_settings": [],
            "storage_account": [],
            "tags": {},
            "timeouts": null,
            "virtual_network_backup_restore_enabled": false,
            "virtual_network_subnet_id": "",
            "webdeploy_publish_basic_authentication_enabled": true,
            "zip_deploy_file": ""
          },
          "sensitive_attributes": [
            [
              {
                "type": "get_attr",
                "value": "custom_domain_verification_id"
              }
            ],
            [
              {
                "type": "get_attr",
                "value": "site_credential"
              }
            ],
            [
              {
                "type": "get_attr",
                "value": "site_config"
              },
              {
                "type": "index",
                "value": {
                  "value": 0,
                  "type": "number"
                }
              },
              {
                "type": "get_attr",
                "value": "application_stack"
              },
              {
                "type": "index",
                "value": {
                  "value": 0,
                  "type": "number"
                }
              },
              {
                "type": "get_attr",
                "value": "docker_registry_password"
              }
            ]
          ],
          "private": "eyJlMmJmYjczMC1lY2FhLTExZTYtOGY4OC0zNDM2M2JjN2M0YzAiOnsiY3JlYXRlIjoxODAwMDAwMDAwMDAwLCJkZWxldGUiOjE4MDAwMDAwMDAwMDAsInJlYWQiOjMwMDAwMDAwMDAwMCwidXBkYXRlIjoxODAwMDAwMDAwMDAwfSwic2NoZW1hX3ZlcnNpb24iOiIxIn0=",
          "dependencies": [
            "module.APPI.azurerm_application_insights.appi",
            "module.ASP.azurerm_service_plan.asp",
            "module.LOG.azurerm_log_analytics_workspace.log",
            "module.RG.azurerm_resource_group.rg"
          ]
        }
      ]
    },
    {
      "module": "module.AWAPP[\"aspwebwest\"]",
      "mode": "managed",
      "type": "azurerm_windows_web_app",
      "name": "awapp",
      "provider": "provider[\"registry.terraform.io/hashicorp/azurerm\"]",
      "instances": [
        {
          "schema_version": 1,
          "attributes": {
            "app_settings": {
              "ASPNETCORE_ENVIRONMENT": "Development"
            },
            "auth_settings": [],
            "auth_settings_v2": [],
            "backup": [],
            "client_affinity_enabled": false,
            "client_certificate_enabled": false,
            "client_certificate_exclusion_paths": "",
            "client_certificate_mode": "Required",
            "connection_string": [],
            "custom_domain_verification_id": "2FFD96ADA034C0AE152B5D7951D1254346E27C012C4F02F46940CCF3AA592F0B",
            "default_hostname": "az204aspwebwest2025dev.azurewebsites.net",
            "enabled": true,
            "ftp_publish_basic_authentication_enabled": true,
            "hosting_environment_id": "",
            "https_only": false,
            "id": "/subscriptions/eaeb2398-aed1-43e9-a305-6abad2295400/resourceGroups/AZ204-RG-2025-DEV/providers/Microsoft.Web/sites/az204aspwebwest2025dev",
            "identity": [],
            "key_vault_reference_identity_id": "SystemAssigned",
            "kind": "app",
            "location": "westeurope",
            "logs": [],
            "name": "az204aspwebwest2025dev",
            "outbound_ip_address_list": [
              "20.103.192.116",
              "20.103.193.110",
              "20.103.193.111",
              "20.103.193.138",
              "20.103.192.234",
              "20.103.192.228",
              "20.105.232.2"
            ],
            "outbound_ip_addresses": "20.103.192.116,20.103.193.110,20.103.193.111,20.103.193.138,20.103.192.234,20.103.192.228,20.105.232.2",
            "possible_outbound_ip_address_list": [
              "20.103.192.116",
              "20.103.193.110",
              "20.103.193.111",
              "20.103.193.138",
              "20.103.192.234",
              "20.103.192.228",
              "128.251.208.57",
              "20.103.193.227",
              "20.103.194.115",
              "20.103.193.26",
              "20.103.193.56",
              "20.103.193.69",
              "20.103.194.122",
              "20.103.192.204",
              "20.103.192.229",
              "20.93.245.199",
              "20.103.193.68",
              "20.103.194.202",
              "20.103.194.203",
              "20.103.194.204",
              "20.103.193.234",
              "20.103.194.206",
              "20.103.194.207",
              "20.93.246.72",
              "20.103.195.2",
              "20.103.195.13",
              "20.103.195.9",
              "20.103.195.100",
              "20.93.245.246",
              "20.93.247.160",
              "20.93.247.161",
              "20.105.232.2"
            ],
            "possible_outbound_ip_addresses": "20.103.192.116,20.103.193.110,20.103.193.111,20.103.193.138,20.103.192.234,20.103.192.228,128.251.208.57,20.103.193.227,20.103.194.115,20.103.193.26,20.103.193.56,20.103.193.69,20.103.194.122,20.103.192.204,20.103.192.229,20.93.245.199,20.103.193.68,20.103.194.202,20.103.194.203,20.103.194.204,20.103.193.234,20.103.194.206,20.103.194.207,20.93.246.72,20.103.195.2,20.103.195.13,20.103.195.9,20.103.195.100,20.93.245.246,20.93.247.160,20.93.247.161,20.105.232.2",
            "public_network_access_enabled": true,
            "resource_group_name": "AZ204-RG-2025-DEV",
            "service_plan_id": "/subscriptions/eaeb2398-aed1-43e9-a305-6abad2295400/resourceGroups/AZ204-RG-2025-DEV/providers/Microsoft.Web/serverFarms/az204aspwebwest2025dev",
            "site_config": [
              {
                "always_on": true,
                "api_definition_url": "",
                "api_management_api_id": "",
                "app_command_line": "",
                "application_stack": [
                  {
                    "current_stack": "",
                    "docker_image_name": "",
                    "docker_registry_password": "",
                    "docker_registry_url": "",
                    "docker_registry_username": "",
                    "dotnet_core_version": "",
                    "dotnet_version": "v9.0",
                    "java_container": "",
                    "java_container_version": "",
                    "java_embedded_server_enabled": false,
                    "java_version": "",
                    "node_version": "",
                    "php_version": "5.6",
                    "python": false,
                    "tomcat_version": ""
                  }
                ],
                "auto_heal_setting": [],
                "container_registry_managed_identity_client_id": "",
                "container_registry_use_managed_identity": false,
                "cors": [],
                "default_documents": [
                  "Default.htm",
                  "Default.html",
                  "Default.asp",
                  "index.htm",
                  "index.html",
                  "iisstart.htm",
                  "default.aspx",
                  "index.php",
                  "hostingstart.html"
                ],
                "detailed_error_logging_enabled": false,
                "ftps_state": "Disabled",
                "handler_mapping": [],
                "health_check_eviction_time_in_min": 0,
                "health_check_path": "",
                "http2_enabled": false,
                "ip_restriction": [],
                "ip_restriction_default_action": "Allow",
                "linux_fx_version": "",
                "load_balancing_mode": "LeastRequests",
                "local_mysql_enabled": false,
                "managed_pipeline_mode": "Integrated",
                "minimum_tls_version": "1.2",
                "remote_debugging_enabled": false,
                "remote_debugging_version": "VS2022",
                "scm_ip_restriction": [],
                "scm_ip_restriction_default_action": "Allow",
                "scm_minimum_tls_version": "1.2",
                "scm_type": "None",
                "scm_use_main_ip_restriction": false,
                "use_32_bit_worker": true,
                "virtual_application": [],
                "vnet_route_all_enabled": false,
                "websockets_enabled": false,
                "windows_fx_version": "",
                "worker_count": 1
              }
            ],
            "site_credential": [
              {
                "name": "$az204aspwebwest2025dev",
                "password": "BG1qMhdjicsHMFLKyRoJyR3LysdgD3mgNbRJKRTAwfs9gla9ShuS6xAL3DlW"
              }
            ],
            "sticky_settings": [],
            "storage_account": [],
            "tags": {},
            "timeouts": null,
            "virtual_network_backup_restore_enabled": false,
            "virtual_network_subnet_id": "",
            "webdeploy_publish_basic_authentication_enabled": true,
            "zip_deploy_file": ""
          },
          "sensitive_attributes": [
            [
              {
                "type": "get_attr",
                "value": "site_config"
              },
              {
                "type": "index",
                "value": {
                  "value": 0,
                  "type": "number"
                }
              },
              {
                "type": "get_attr",
                "value": "application_stack"
              },
              {
                "type": "index",
                "value": {
                  "value": 0,
                  "type": "number"
                }
              },
              {
                "type": "get_attr",
                "value": "docker_registry_password"
              }
            ],
            [
              {
                "type": "get_attr",
                "value": "custom_domain_verification_id"
              }
            ],
            [
              {
                "type": "get_attr",
                "value": "site_credential"
              }
            ]
          ],
          "private": "eyJlMmJmYjczMC1lY2FhLTExZTYtOGY4OC0zNDM2M2JjN2M0YzAiOnsiY3JlYXRlIjoxODAwMDAwMDAwMDAwLCJkZWxldGUiOjE4MDAwMDAwMDAwMDAsInJlYWQiOjMwMDAwMDAwMDAwMCwidXBkYXRlIjoxODAwMDAwMDAwMDAwfSwic2NoZW1hX3ZlcnNpb24iOiIxIn0=",
          "dependencies": [
            "module.APPI.azurerm_application_insights.appi",
            "module.ASP.azurerm_service_plan.asp",
            "module.LOG.azurerm_log_analytics_workspace.log",
            "module.RG.azurerm_resource_group.rg"
          ]
        }
      ]
    },
    {
      "module": "module.LOG",
      "mode": "managed",
      "type": "azurerm_log_analytics_workspace",
      "name": "log",
      "provider": "provider[\"registry.terraform.io/hashicorp/azurerm\"]",
      "instances": [
        {
          "schema_version": 3,
          "attributes": {
            "allow_resource_only_permissions": true,
            "cmk_for_query_forced": false,
            "daily_quota_gb": -1,
            "data_collection_rule_id": "",
            "id": "/subscriptions/eaeb2398-aed1-43e9-a305-6abad2295400/resourceGroups/AZ204-RG-2025-DEV/providers/Microsoft.OperationalInsights/workspaces/AZ204-LOG-2025-DEV",
            "identity": [],
            "immediate_data_purge_on_30_days_enabled": false,
            "internet_ingestion_enabled": true,
            "internet_query_enabled": true,
            "local_authentication_disabled": false,
            "location": "northeurope",
            "name": "AZ204-LOG-2025-DEV",
            "primary_shared_key": "yi+L/f1zoE/ZwsrXZMJkuZnGF6Bqbk/ud5vkabLjgDacpMNvoGs5AMG5NXJzwiZvSA0qNJ/gnBAeQjjOQ68bJA==",
            "reservation_capacity_in_gb_per_day": null,
            "resource_group_name": "AZ204-RG-2025-DEV",
            "retention_in_days": 30,
            "secondary_shared_key": "hL13JHRT4p1m1vR8iFasdBe2M8E88LEeB1sPE8kueD90sqrc1312Q3azXS0+9s4SItjm7pNqDzyi/iutN6NYhA==",
            "sku": "PerGB2018",
            "tags": null,
            "timeouts": null,
            "workspace_id": "f0730cda-f9f0-4126-954b-e598064e30ec"
          },
          "sensitive_attributes": [
            [
              {
                "type": "get_attr",
                "value": "primary_shared_key"
              }
            ],
            [
              {
                "type": "get_attr",
                "value": "secondary_shared_key"
              }
            ]
          ],
          "private": "eyJlMmJmYjczMC1lY2FhLTExZTYtOGY4OC0zNDM2M2JjN2M0YzAiOnsiY3JlYXRlIjoxODAwMDAwMDAwMDAwLCJkZWxldGUiOjE4MDAwMDAwMDAwMDAsInJlYWQiOjMwMDAwMDAwMDAwMCwidXBkYXRlIjoxODAwMDAwMDAwMDAwfSwic2NoZW1hX3ZlcnNpb24iOiIzIn0=",
          "dependencies": [
            "module.RG.azurerm_resource_group.rg"
          ]
        }
      ]
    },
    {
      "module": "module.RG",
      "mode": "managed",
      "type": "azurerm_resource_group",
      "name": "rg",
      "provider": "provider[\"registry.terraform.io/hashicorp/azurerm\"]",
      "instances": [
        {
          "schema_version": 0,
          "attributes": {
            "id": "/subscriptions/eaeb2398-aed1-43e9-a305-6abad2295400/resourceGroups/AZ204-RG-2025-DEV",
            "location": "northeurope",
            "managed_by": "",
            "name": "AZ204-RG-2025-DEV",
            "tags": {},
            "timeouts": null
          },
          "sensitive_attributes": [],
          "private": "eyJlMmJmYjczMC1lY2FhLTExZTYtOGY4OC0zNDM2M2JjN2M0YzAiOnsiY3JlYXRlIjo1NDAwMDAwMDAwMDAwLCJkZWxldGUiOjU0MDAwMDAwMDAwMDAsInJlYWQiOjMwMDAwMDAwMDAwMCwidXBkYXRlIjo1NDAwMDAwMDAwMDAwfX0="
        }
      ]
    },
    {
      "module": "module.TRAF",
      "mode": "managed",
      "type": "azurerm_traffic_manager_profile",
      "name": "traf",
      "provider": "provider[\"registry.terraform.io/hashicorp/azurerm\"]",
      "instances": [
        {
          "schema_version": 0,
          "attributes": {
            "dns_config": [
              {
                "relative_name": "az2042025dev",
                "ttl": 100
              }
            ],
            "fqdn": "az2042025dev.trafficmanager.net",
            "id": "/subscriptions/eaeb2398-aed1-43e9-a305-6abad2295400/resourceGroups/AZ204-RG-2025-DEV/providers/Microsoft.Network/trafficManagerProfiles/AZ204-2025-DEV",
            "max_return": 0,
            "monitor_config": [
              {
                "custom_header": [],
                "expected_status_code_ranges": [],
                "interval_in_seconds": 30,
                "path": "/",
                "port": 80,
                "protocol": "HTTP",
                "timeout_in_seconds": 9,
                "tolerated_number_of_failures": 3
              }
            ],
            "name": "AZ204-2025-DEV",
            "profile_status": "Enabled",
            "resource_group_name": "AZ204-RG-2025-DEV",
            "tags": {},
            "timeouts": null,
            "traffic_routing_method": "Performance",
            "traffic_view_enabled": false
          },
          "sensitive_attributes": [],
          "private": "eyJlMmJmYjczMC1lY2FhLTExZTYtOGY4OC0zNDM2M2JjN2M0YzAiOnsiY3JlYXRlIjoxODAwMDAwMDAwMDAwLCJkZWxldGUiOjE4MDAwMDAwMDAwMDAsInJlYWQiOjMwMDAwMDAwMDAwMCwidXBkYXRlIjoxODAwMDAwMDAwMDAwfX0=",
          "dependencies": [
            "module.RG.azurerm_resource_group.rg"
          ]
        }
      ]
    },
    {
      "module": "module.TRAF_ENDPOINT[\"aspapinorth\"]",
      "mode": "managed",
      "type": "azurerm_traffic_manager_azure_endpoint",
      "name": "endpoint",
      "provider": "provider[\"registry.terraform.io/hashicorp/azurerm\"]",
      "instances": [
        {
          "schema_version": 0,
          "attributes": {
            "always_serve_enabled": true,
            "custom_header": [],
            "enabled": true,
            "geo_mappings": [],
            "id": "/subscriptions/eaeb2398-aed1-43e9-a305-6abad2295400/resourceGroups/AZ204-RG-2025-DEV/providers/Microsoft.Network/trafficManagerProfiles/AZ204-2025-DEV/AzureEndpoints/aspapinorth",
            "name": "aspapinorth",
            "priority": 1,
            "profile_id": "/subscriptions/eaeb2398-aed1-43e9-a305-6abad2295400/resourceGroups/AZ204-RG-2025-DEV/providers/Microsoft.Network/trafficManagerProfiles/AZ204-2025-DEV",
            "subnet": [],
            "target_resource_id": "/subscriptions/eaeb2398-aed1-43e9-a305-6abad2295400/resourceGroups/AZ204-RG-2025-DEV/providers/Microsoft.Web/sites/az204aspapinorth2025dev",
            "timeouts": null,
            "weight": 100
          },
          "sensitive_attributes": [],
          "private": "eyJlMmJmYjczMC1lY2FhLTExZTYtOGY4OC0zNDM2M2JjN2M0YzAiOnsiY3JlYXRlIjoxODAwMDAwMDAwMDAwLCJkZWxldGUiOjE4MDAwMDAwMDAwMDAsInJlYWQiOjMwMDAwMDAwMDAwMCwidXBkYXRlIjoxODAwMDAwMDAwMDAwfX0=",
          "dependencies": [
            "module.APPI.azurerm_application_insights.appi",
            "module.ASP.azurerm_service_plan.asp",
            "module.AWAPP.azurerm_windows_web_app.awapp",
            "module.LOG.azurerm_log_analytics_workspace.log",
            "module.RG.azurerm_resource_group.rg",
            "module.TRAF.azurerm_traffic_manager_profile.traf"
          ]
        }
      ]
    },
    {
      "module": "module.TRAF_ENDPOINT[\"aspwebwest\"]",
      "mode": "managed",
      "type": "azurerm_traffic_manager_azure_endpoint",
      "name": "endpoint",
      "provider": "provider[\"registry.terraform.io/hashicorp/azurerm\"]",
      "instances": [
        {
          "schema_version": 0,
          "attributes": {
            "always_serve_enabled": true,
            "custom_header": [],
            "enabled": true,
            "geo_mappings": [],
            "id": "/subscriptions/eaeb2398-aed1-43e9-a305-6abad2295400/resourceGroups/AZ204-RG-2025-DEV/providers/Microsoft.Network/trafficManagerProfiles/AZ204-2025-DEV/AzureEndpoints/aspwebwest",
            "name": "aspwebwest",
            "priority": 2,
            "profile_id": "/subscriptions/eaeb2398-aed1-43e9-a305-6abad2295400/resourceGroups/AZ204-RG-2025-DEV/providers/Microsoft.Network/trafficManagerProfiles/AZ204-2025-DEV",
            "subnet": [],
            "target_resource_id": "/subscriptions/eaeb2398-aed1-43e9-a305-6abad2295400/resourceGroups/AZ204-RG-2025-DEV/providers/Microsoft.Web/sites/az204aspwebwest2025dev",
            "timeouts": null,
            "weight": 100
          },
          "sensitive_attributes": [],
          "private": "eyJlMmJmYjczMC1lY2FhLTExZTYtOGY4OC0zNDM2M2JjN2M0YzAiOnsiY3JlYXRlIjoxODAwMDAwMDAwMDAwLCJkZWxldGUiOjE4MDAwMDAwMDAwMDAsInJlYWQiOjMwMDAwMDAwMDAwMCwidXBkYXRlIjoxODAwMDAwMDAwMDAwfX0=",
          "dependencies": [
            "module.APPI.azurerm_application_insights.appi",
            "module.ASP.azurerm_service_plan.asp",
            "module.AWAPP.azurerm_windows_web_app.awapp",
            "module.LOG.azurerm_log_analytics_workspace.log",
            "module.RG.azurerm_resource_group.rg",
            "module.TRAF.azurerm_traffic_manager_profile.traf"
          ]
        }
      ]
    }
  ],
  "check_results": null
}
